// !$*UTF8*$!
{
	archiveVersion = 1;
	classes = {
	};
	objectVersion = 52;
	objects = {

/* Begin PBXBuildFile section */
		5708D84524C7096F002635BB /* BookCover.swift in Sources */ = {isa = PBXBuildFile; fileRef = 5708D84424C7096F002635BB /* BookCover.swift */; };
		5715C62324C364E4006709C5 /* BookCreate.swift in Sources */ = {isa = PBXBuildFile; fileRef = 5715C62224C364E4006709C5 /* BookCreate.swift */; };
		5716CDAA24D140960017E2E2 /* Book+CoreDataClass.swift in Sources */ = {isa = PBXBuildFile; fileRef = 5716CDA824D140960017E2E2 /* Book+CoreDataClass.swift */; };
		5716CDAB24D140960017E2E2 /* Book+CoreDataProperties.swift in Sources */ = {isa = PBXBuildFile; fileRef = 5716CDA924D140960017E2E2 /* Book+CoreDataProperties.swift */; };
		571D643B24D14F65009F7AA8 /* SeedData.swift in Sources */ = {isa = PBXBuildFile; fileRef = 571D643A24D14F65009F7AA8 /* SeedData.swift */; };
		5723957A24BEF289007DC1E5 /* AppDelegate.swift in Sources */ = {isa = PBXBuildFile; fileRef = 5723957924BEF289007DC1E5 /* AppDelegate.swift */; };
		5723957C24BEF289007DC1E5 /* SceneDelegate.swift in Sources */ = {isa = PBXBuildFile; fileRef = 5723957B24BEF289007DC1E5 /* SceneDelegate.swift */; };
		5723958024BEF28A007DC1E5 /* Assets.xcassets in Resources */ = {isa = PBXBuildFile; fileRef = 5723957F24BEF28A007DC1E5 /* Assets.xcassets */; };
		5723958324BEF28A007DC1E5 /* Preview Assets.xcassets in Resources */ = {isa = PBXBuildFile; fileRef = 5723958224BEF28A007DC1E5 /* Preview Assets.xcassets */; };
		5723958624BEF28A007DC1E5 /* LaunchScreen.storyboard in Resources */ = {isa = PBXBuildFile; fileRef = 5723958424BEF28A007DC1E5 /* LaunchScreen.storyboard */; };
		5723958E24C0212E007DC1E5 /* BookDetail.swift in Sources */ = {isa = PBXBuildFile; fileRef = 5723958D24C0212E007DC1E5 /* BookDetail.swift */; };
		5723959024C021A8007DC1E5 /* BookList.swift in Sources */ = {isa = PBXBuildFile; fileRef = 5723958F24C021A7007DC1E5 /* BookList.swift */; };
		57393CDC24ED1AD700DC9C40 /* CoreExtensions.swift in Sources */ = {isa = PBXBuildFile; fileRef = 57393CDB24ED1AD700DC9C40 /* CoreExtensions.swift */; };
		57413BE824C57210009B461F /* PreviewWithNavigation.swift in Sources */ = {isa = PBXBuildFile; fileRef = 57413BE724C57210009B461F /* PreviewWithNavigation.swift */; };
		57888C9B24E9AB3A007B248B /* BookSortMenu.swift in Sources */ = {isa = PBXBuildFile; fileRef = 57888C9A24E9AB3A007B248B /* BookSortMenu.swift */; };
		578B08D924C1737D00500C41 /* BookRow.swift in Sources */ = {isa = PBXBuildFile; fileRef = 578B08D824C1737D00500C41 /* BookRow.swift */; };
		57E95B1424D04C6200AF1FD9 /* reading.xcdatamodeld in Sources */ = {isa = PBXBuildFile; fileRef = 57E95B1224D04C6200AF1FD9 /* reading.xcdatamodeld */; };
/* End PBXBuildFile section */

/* Begin PBXFileReference section */
		5708D84424C7096F002635BB /* BookCover.swift */ = {isa = PBXFileReference; lastKnownFileType = sourcecode.swift; path = BookCover.swift; sourceTree = "<group>"; };
		5715C62224C364E4006709C5 /* BookCreate.swift */ = {isa = PBXFileReference; lastKnownFileType = sourcecode.swift; path = BookCreate.swift; sourceTree = "<group>"; };
		5716CDA824D140960017E2E2 /* Book+CoreDataClass.swift */ = {isa = PBXFileReference; lastKnownFileType = sourcecode.swift; path = "Book+CoreDataClass.swift"; sourceTree = "<group>"; };
		5716CDA924D140960017E2E2 /* Book+CoreDataProperties.swift */ = {isa = PBXFileReference; lastKnownFileType = sourcecode.swift; path = "Book+CoreDataProperties.swift"; sourceTree = "<group>"; };
		571D643A24D14F65009F7AA8 /* SeedData.swift */ = {isa = PBXFileReference; lastKnownFileType = sourcecode.swift; path = SeedData.swift; sourceTree = "<group>"; };
		5723957624BEF289007DC1E5 /* reading.app */ = {isa = PBXFileReference; explicitFileType = wrapper.application; includeInIndex = 0; path = reading.app; sourceTree = BUILT_PRODUCTS_DIR; };
		5723957924BEF289007DC1E5 /* AppDelegate.swift */ = {isa = PBXFileReference; lastKnownFileType = sourcecode.swift; path = AppDelegate.swift; sourceTree = "<group>"; };
		5723957B24BEF289007DC1E5 /* SceneDelegate.swift */ = {isa = PBXFileReference; lastKnownFileType = sourcecode.swift; path = SceneDelegate.swift; sourceTree = "<group>"; };
		5723957F24BEF28A007DC1E5 /* Assets.xcassets */ = {isa = PBXFileReference; lastKnownFileType = folder.assetcatalog; path = Assets.xcassets; sourceTree = "<group>"; };
		5723958224BEF28A007DC1E5 /* Preview Assets.xcassets */ = {isa = PBXFileReference; lastKnownFileType = folder.assetcatalog; path = "Preview Assets.xcassets"; sourceTree = "<group>"; };
		5723958524BEF28A007DC1E5 /* Base */ = {isa = PBXFileReference; lastKnownFileType = file.storyboard; name = Base; path = Base.lproj/LaunchScreen.storyboard; sourceTree = "<group>"; };
		5723958724BEF28A007DC1E5 /* Info.plist */ = {isa = PBXFileReference; lastKnownFileType = text.plist.xml; path = Info.plist; sourceTree = "<group>"; };
		5723958D24C0212E007DC1E5 /* BookDetail.swift */ = {isa = PBXFileReference; lastKnownFileType = sourcecode.swift; path = BookDetail.swift; sourceTree = "<group>"; };
		5723958F24C021A7007DC1E5 /* BookList.swift */ = {isa = PBXFileReference; lastKnownFileType = sourcecode.swift; path = BookList.swift; sourceTree = "<group>"; };
		57393CDB24ED1AD700DC9C40 /* CoreExtensions.swift */ = {isa = PBXFileReference; lastKnownFileType = sourcecode.swift; path = CoreExtensions.swift; sourceTree = "<group>"; };
		57413BE724C57210009B461F /* PreviewWithNavigation.swift */ = {isa = PBXFileReference; lastKnownFileType = sourcecode.swift; path = PreviewWithNavigation.swift; sourceTree = "<group>"; };
		57888C9A24E9AB3A007B248B /* BookSortMenu.swift */ = {isa = PBXFileReference; lastKnownFileType = sourcecode.swift; path = BookSortMenu.swift; sourceTree = "<group>"; };
		578B08D824C1737D00500C41 /* BookRow.swift */ = {isa = PBXFileReference; lastKnownFileType = sourcecode.swift; path = BookRow.swift; sourceTree = "<group>"; };
		57E95B1324D04C6200AF1FD9 /* reading.xcdatamodel */ = {isa = PBXFileReference; lastKnownFileType = wrapper.xcdatamodel; path = reading.xcdatamodel; sourceTree = "<group>"; };
/* End PBXFileReference section */

/* Begin PBXFrameworksBuildPhase section */
		5723957324BEF289007DC1E5 /* Frameworks */ = {
			isa = PBXFrameworksBuildPhase;
			buildActionMask = 2147483647;
			files = (
			);
			runOnlyForDeploymentPostprocessing = 0;
		};
/* End PBXFrameworksBuildPhase section */

/* Begin PBXGroup section */
		5723956D24BEF289007DC1E5 = {
			isa = PBXGroup;
			children = (
				5723957824BEF289007DC1E5 /* reading */,
				5723957724BEF289007DC1E5 /* Products */,
			);
			sourceTree = "<group>";
		};
		5723957724BEF289007DC1E5 /* Products */ = {
			isa = PBXGroup;
			children = (
				5723957624BEF289007DC1E5 /* reading.app */,
			);
			name = Products;
			sourceTree = "<group>";
		};
		5723957824BEF289007DC1E5 /* reading */ = {
			isa = PBXGroup;
			children = (
				57393CD824ED1A3F00DC9C40 /* Extensions */,
				57C97BFE24D051D000398FA9 /* Core Data Model */,
				57955C1624ED03FE00D178CA /* Delegates */,
				57955C1524ED03A000D178CA /* Item Views */,
				5723958124BEF28A007DC1E5 /* Preview Content */,
				57955C1724ED053D00D178CA /* Supporting Files */,
				578B08DA24C174D300500C41 /* Supporting Views */,
			);
			path = reading;
			sourceTree = "<group>";
		};
		5723958124BEF28A007DC1E5 /* Preview Content */ = {
			isa = PBXGroup;
			children = (
				5723958224BEF28A007DC1E5 /* Preview Assets.xcassets */,
				57413BE724C57210009B461F /* PreviewWithNavigation.swift */,
				571D643A24D14F65009F7AA8 /* SeedData.swift */,
			);
			path = "Preview Content";
			sourceTree = "<group>";
		};
		57393CD824ED1A3F00DC9C40 /* Extensions */ = {
			isa = PBXGroup;
			children = (
				57393CDB24ED1AD700DC9C40 /* CoreExtensions.swift */,
			);
			path = Extensions;
			sourceTree = "<group>";
		};
		578B08DA24C174D300500C41 /* Supporting Views */ = {
			isa = PBXGroup;
			children = (
			);
			path = "Supporting Views";
			sourceTree = "<group>";
		};
		57955C1524ED03A000D178CA /* Item Views */ = {
			isa = PBXGroup;
			children = (
				5708D84424C7096F002635BB /* BookCover.swift */,
				5715C62224C364E4006709C5 /* BookCreate.swift */,
				5723958D24C0212E007DC1E5 /* BookDetail.swift */,
				5723958F24C021A7007DC1E5 /* BookList.swift */,
				578B08D824C1737D00500C41 /* BookRow.swift */,
				57888C9A24E9AB3A007B248B /* BookSortMenu.swift */,
			);
			path = "Item Views";
			sourceTree = "<group>";
		};
		57955C1624ED03FE00D178CA /* Delegates */ = {
			isa = PBXGroup;
			children = (
				5723957924BEF289007DC1E5 /* AppDelegate.swift */,
				5723957B24BEF289007DC1E5 /* SceneDelegate.swift */,
			);
			path = Delegates;
			sourceTree = "<group>";
		};
		57955C1724ED053D00D178CA /* Supporting Files */ = {
			isa = PBXGroup;
			children = (
				5723957F24BEF28A007DC1E5 /* Assets.xcassets */,
				5723958724BEF28A007DC1E5 /* Info.plist */,
				5723958424BEF28A007DC1E5 /* LaunchScreen.storyboard */,
			);
			path = "Supporting Files";
			sourceTree = "<group>";
		};
		57C97BFE24D051D000398FA9 /* Core Data Model */ = {
			isa = PBXGroup;
			children = (
				5716CDA824D140960017E2E2 /* Book+CoreDataClass.swift */,
				5716CDA924D140960017E2E2 /* Book+CoreDataProperties.swift */,
				57E95B1224D04C6200AF1FD9 /* reading.xcdatamodeld */,
			);
			path = "Core Data Model";
			sourceTree = "<group>";
		};
/* End PBXGroup section */

/* Begin PBXNativeTarget section */
		5723957524BEF289007DC1E5 /* reading */ = {
			isa = PBXNativeTarget;
			buildConfigurationList = 5723958A24BEF28A007DC1E5 /* Build configuration list for PBXNativeTarget "reading" */;
			buildPhases = (
				5723957224BEF289007DC1E5 /* Sources */,
				5723957324BEF289007DC1E5 /* Frameworks */,
				5723957424BEF289007DC1E5 /* Resources */,
			);
			buildRules = (
			);
			dependencies = (
			);
			name = reading;
			productName = "read-ing";
			productReference = 5723957624BEF289007DC1E5 /* reading.app */;
			productType = "com.apple.product-type.application";
		};
/* End PBXNativeTarget section */

/* Begin PBXProject section */
		5723956E24BEF289007DC1E5 /* Project object */ = {
			isa = PBXProject;
			attributes = {
				LastSwiftUpdateCheck = 1150;
				LastUpgradeCheck = 1200;
				ORGANIZATIONNAME = mrv1k;
				TargetAttributes = {
					5723957524BEF289007DC1E5 = {
						CreatedOnToolsVersion = 11.5;
					};
				};
			};
			buildConfigurationList = 5723957124BEF289007DC1E5 /* Build configuration list for PBXProject "reading" */;
			compatibilityVersion = "Xcode 11.0";
			developmentRegion = en;
			hasScannedForEncodings = 0;
			knownRegions = (
				en,
				Base,
			);
			mainGroup = 5723956D24BEF289007DC1E5;
			productRefGroup = 5723957724BEF289007DC1E5 /* Products */;
			projectDirPath = "";
			projectRoot = "";
			targets = (
				5723957524BEF289007DC1E5 /* reading */,
			);
		};
/* End PBXProject section */

/* Begin PBXResourcesBuildPhase section */
		5723957424BEF289007DC1E5 /* Resources */ = {
			isa = PBXResourcesBuildPhase;
			buildActionMask = 2147483647;
			files = (
				5723958624BEF28A007DC1E5 /* LaunchScreen.storyboard in Resources */,
				5723958324BEF28A007DC1E5 /* Preview Assets.xcassets in Resources */,
				5723958024BEF28A007DC1E5 /* Assets.xcassets in Resources */,
			);
			runOnlyForDeploymentPostprocessing = 0;
		};
/* End PBXResourcesBuildPhase section */

/* Begin PBXSourcesBuildPhase section */
		5723957224BEF289007DC1E5 /* Sources */ = {
			isa = PBXSourcesBuildPhase;
			buildActionMask = 2147483647;
			files = (
				5708D84524C7096F002635BB /* BookCover.swift in Sources */,
				57888C9B24E9AB3A007B248B /* BookSortMenu.swift in Sources */,
				5723957A24BEF289007DC1E5 /* AppDelegate.swift in Sources */,
				5723957C24BEF289007DC1E5 /* SceneDelegate.swift in Sources */,
				5715C62324C364E4006709C5 /* BookCreate.swift in Sources */,
				571D643B24D14F65009F7AA8 /* SeedData.swift in Sources */,
				5723959024C021A8007DC1E5 /* BookList.swift in Sources */,
				57E95B1424D04C6200AF1FD9 /* reading.xcdatamodeld in Sources */,
				5723958E24C0212E007DC1E5 /* BookDetail.swift in Sources */,
				57413BE824C57210009B461F /* PreviewWithNavigation.swift in Sources */,
				5716CDAA24D140960017E2E2 /* Book+CoreDataClass.swift in Sources */,
				578B08D924C1737D00500C41 /* BookRow.swift in Sources */,
				57393CDC24ED1AD700DC9C40 /* CoreExtensions.swift in Sources */,
				5716CDAB24D140960017E2E2 /* Book+CoreDataProperties.swift in Sources */,
			);
			runOnlyForDeploymentPostprocessing = 0;
		};
/* End PBXSourcesBuildPhase section */

/* Begin PBXVariantGroup section */
		5723958424BEF28A007DC1E5 /* LaunchScreen.storyboard */ = {
			isa = PBXVariantGroup;
			children = (
				5723958524BEF28A007DC1E5 /* Base */,
			);
			name = LaunchScreen.storyboard;
			sourceTree = "<group>";
		};
/* End PBXVariantGroup section */

/* Begin XCBuildConfiguration section */
		5723958824BEF28A007DC1E5 /* Debug */ = {
			isa = XCBuildConfiguration;
			buildSettings = {
				ALWAYS_SEARCH_USER_PATHS = NO;
				CLANG_ANALYZER_NONNULL = YES;
				CLANG_ANALYZER_NUMBER_OBJECT_CONVERSION = YES_AGGRESSIVE;
				CLANG_CXX_LANGUAGE_STANDARD = "gnu++14";
				CLANG_CXX_LIBRARY = "libc++";
				CLANG_ENABLE_MODULES = YES;
				CLANG_ENABLE_OBJC_ARC = YES;
				CLANG_ENABLE_OBJC_WEAK = YES;
				CLANG_WARN_BLOCK_CAPTURE_AUTORELEASING = YES;
				CLANG_WARN_BOOL_CONVERSION = YES;
				CLANG_WARN_COMMA = YES;
				CLANG_WARN_CONSTANT_CONVERSION = YES;
				CLANG_WARN_DEPRECATED_OBJC_IMPLEMENTATIONS = YES;
				CLANG_WARN_DIRECT_OBJC_ISA_USAGE = YES_ERROR;
				CLANG_WARN_DOCUMENTATION_COMMENTS = YES;
				CLANG_WARN_EMPTY_BODY = YES;
				CLANG_WARN_ENUM_CONVERSION = YES;
				CLANG_WARN_INFINITE_RECURSION = YES;
				CLANG_WARN_INT_CONVERSION = YES;
				CLANG_WARN_NON_LITERAL_NULL_CONVERSION = YES;
				CLANG_WARN_OBJC_IMPLICIT_RETAIN_SELF = YES;
				CLANG_WARN_OBJC_LITERAL_CONVERSION = YES;
				CLANG_WARN_OBJC_ROOT_CLASS = YES_ERROR;
				CLANG_WARN_QUOTED_INCLUDE_IN_FRAMEWORK_HEADER = YES;
				CLANG_WARN_RANGE_LOOP_ANALYSIS = YES;
				CLANG_WARN_STRICT_PROTOTYPES = YES;
				CLANG_WARN_SUSPICIOUS_MOVE = YES;
				CLANG_WARN_UNGUARDED_AVAILABILITY = YES_AGGRESSIVE;
				CLANG_WARN_UNREACHABLE_CODE = YES;
				CLANG_WARN__DUPLICATE_METHOD_MATCH = YES;
				COPY_PHASE_STRIP = NO;
				DEBUG_INFORMATION_FORMAT = dwarf;
				ENABLE_STRICT_OBJC_MSGSEND = YES;
				ENABLE_TESTABILITY = YES;
				GCC_C_LANGUAGE_STANDARD = gnu11;
				GCC_DYNAMIC_NO_PIC = NO;
				GCC_NO_COMMON_BLOCKS = YES;
				GCC_OPTIMIZATION_LEVEL = 0;
				GCC_PREPROCESSOR_DEFINITIONS = (
					"DEBUG=1",
					"$(inherited)",
				);
				GCC_WARN_64_TO_32_BIT_CONVERSION = YES;
				GCC_WARN_ABOUT_RETURN_TYPE = YES_ERROR;
				GCC_WARN_UNDECLARED_SELECTOR = YES;
				GCC_WARN_UNINITIALIZED_AUTOS = YES_AGGRESSIVE;
				GCC_WARN_UNUSED_FUNCTION = YES;
				GCC_WARN_UNUSED_VARIABLE = YES;
				IPHONEOS_DEPLOYMENT_TARGET = 13.5;
				MTL_ENABLE_DEBUG_INFO = INCLUDE_SOURCE;
				MTL_FAST_MATH = YES;
				ONLY_ACTIVE_ARCH = YES;
				SDKROOT = iphoneos;
				SWIFT_ACTIVE_COMPILATION_CONDITIONS = DEBUG;
				SWIFT_OPTIMIZATION_LEVEL = "-Onone";
			};
			name = Debug;
		};
		5723958924BEF28A007DC1E5 /* Release */ = {
			isa = XCBuildConfiguration;
			buildSettings = {
				ALWAYS_SEARCH_USER_PATHS = NO;
				CLANG_ANALYZER_NONNULL = YES;
				CLANG_ANALYZER_NUMBER_OBJECT_CONVERSION = YES_AGGRESSIVE;
				CLANG_CXX_LANGUAGE_STANDARD = "gnu++14";
				CLANG_CXX_LIBRARY = "libc++";
				CLANG_ENABLE_MODULES = YES;
				CLANG_ENABLE_OBJC_ARC = YES;
				CLANG_ENABLE_OBJC_WEAK = YES;
				CLANG_WARN_BLOCK_CAPTURE_AUTORELEASING = YES;
				CLANG_WARN_BOOL_CONVERSION = YES;
				CLANG_WARN_COMMA = YES;
				CLANG_WARN_CONSTANT_CONVERSION = YES;
				CLANG_WARN_DEPRECATED_OBJC_IMPLEMENTATIONS = YES;
				CLANG_WARN_DIRECT_OBJC_ISA_USAGE = YES_ERROR;
				CLANG_WARN_DOCUMENTATION_COMMENTS = YES;
				CLANG_WARN_EMPTY_BODY = YES;
				CLANG_WARN_ENUM_CONVERSION = YES;
				CLANG_WARN_INFINITE_RECURSION = YES;
				CLANG_WARN_INT_CONVERSION = YES;
				CLANG_WARN_NON_LITERAL_NULL_CONVERSION = YES;
				CLANG_WARN_OBJC_IMPLICIT_RETAIN_SELF = YES;
				CLANG_WARN_OBJC_LITERAL_CONVERSION = YES;
				CLANG_WARN_OBJC_ROOT_CLASS = YES_ERROR;
				CLANG_WARN_QUOTED_INCLUDE_IN_FRAMEWORK_HEADER = YES;
				CLANG_WARN_RANGE_LOOP_ANALYSIS = YES;
				CLANG_WARN_STRICT_PROTOTYPES = YES;
				CLANG_WARN_SUSPICIOUS_MOVE = YES;
				CLANG_WARN_UNGUARDED_AVAILABILITY = YES_AGGRESSIVE;
				CLANG_WARN_UNREACHABLE_CODE = YES;
				CLANG_WARN__DUPLICATE_METHOD_MATCH = YES;
				COPY_PHASE_STRIP = NO;
				DEBUG_INFORMATION_FORMAT = "dwarf-with-dsym";
				ENABLE_NS_ASSERTIONS = NO;
				ENABLE_STRICT_OBJC_MSGSEND = YES;
				GCC_C_LANGUAGE_STANDARD = gnu11;
				GCC_NO_COMMON_BLOCKS = YES;
				GCC_WARN_64_TO_32_BIT_CONVERSION = YES;
				GCC_WARN_ABOUT_RETURN_TYPE = YES_ERROR;
				GCC_WARN_UNDECLARED_SELECTOR = YES;
				GCC_WARN_UNINITIALIZED_AUTOS = YES_AGGRESSIVE;
				GCC_WARN_UNUSED_FUNCTION = YES;
				GCC_WARN_UNUSED_VARIABLE = YES;
				IPHONEOS_DEPLOYMENT_TARGET = 13.5;
				MTL_ENABLE_DEBUG_INFO = NO;
				MTL_FAST_MATH = YES;
				SDKROOT = iphoneos;
				SWIFT_COMPILATION_MODE = wholemodule;
				SWIFT_OPTIMIZATION_LEVEL = "-O";
				VALIDATE_PRODUCT = YES;
			};
			name = Release;
		};
		5723958B24BEF28A007DC1E5 /* Debug */ = {
			isa = XCBuildConfiguration;
			buildSettings = {
				ASSETCATALOG_COMPILER_APPICON_NAME = AppIcon;
				CODE_SIGN_STYLE = Automatic;
				DEVELOPMENT_ASSET_PATHS = "\"reading/Preview Content\"";
				ENABLE_PREVIEWS = YES;
				INFOPLIST_FILE = "reading/Supporting Files/Info.plist";
				LD_RUNPATH_SEARCH_PATHS = (
					"$(inherited)",
					"@executable_path/Frameworks",
				);
				PRODUCT_BUNDLE_IDENTIFIER = io.mrv1k.reading;
				PRODUCT_NAME = "$(TARGET_NAME)";
				SWIFT_VERSION = 5.0;
				TARGETED_DEVICE_FAMILY = 1;
			};
			name = Debug;
		};
		5723958C24BEF28A007DC1E5 /* Release */ = {
			isa = XCBuildConfiguration;
			buildSettings = {
				ASSETCATALOG_COMPILER_APPICON_NAME = AppIcon;
				CODE_SIGN_STYLE = Automatic;
				DEVELOPMENT_ASSET_PATHS = "\"reading/Preview Content\"";
				ENABLE_PREVIEWS = YES;
				INFOPLIST_FILE = "reading/Supporting Files/Info.plist";
				LD_RUNPATH_SEARCH_PATHS = (
					"$(inherited)",
					"@executable_path/Frameworks",
				);
				PRODUCT_BUNDLE_IDENTIFIER = io.mrv1k.reading;
				PRODUCT_NAME = "$(TARGET_NAME)";
				SWIFT_VERSION = 5.0;
				TARGETED_DEVICE_FAMILY = 1;
			};
			name = Release;
		};
/* End XCBuildConfiguration section */

/* Begin XCConfigurationList section */
		5723957124BEF289007DC1E5 /* Build configuration list for PBXProject "reading" */ = {
			isa = XCConfigurationList;
			buildConfigurations = (
				5723958824BEF28A007DC1E5 /* Debug */,
				5723958924BEF28A007DC1E5 /* Release */,
			);
			defaultConfigurationIsVisible = 0;
			defaultConfigurationName = Release;
		};
		5723958A24BEF28A007DC1E5 /* Build configuration list for PBXNativeTarget "reading" */ = {
			isa = XCConfigurationList;
			buildConfigurations = (
				5723958B24BEF28A007DC1E5 /* Debug */,
				5723958C24BEF28A007DC1E5 /* Release */,
			);
			defaultConfigurationIsVisible = 0;
			defaultConfigurationName = Release;
		};
/* End XCConfigurationList section */

/* Begin XCVersionGroup section */
		57E95B1224D04C6200AF1FD9 /* reading.xcdatamodeld */ = {
			isa = XCVersionGroup;
			children = (
				57E95B1324D04C6200AF1FD9 /* reading.xcdatamodel */,
			);
			currentVersion = 57E95B1324D04C6200AF1FD9 /* reading.xcdatamodel */;
			path = reading.xcdatamodeld;
			sourceTree = "<group>";
			versionGroupType = wrapper.xcdatamodel;
		};
/* End XCVersionGroup section */
	};
	rootObject = 5723956E24BEF289007DC1E5 /* Project object */;
}
