// !$*UTF8*$!
{
	archiveVersion = 1;
	classes = {
	};
	objectVersion = 54;
	objects = {

/* Begin PBXBuildFile section */
		5708D84524C7096F002635BB /* BookCover.swift in Sources */ = {isa = PBXBuildFile; fileRef = 5708D84424C7096F002635BB /* BookCover.swift */; };
		570EE4D92530383D003B75FE /* Session+CoreDataClass.swift in Sources */ = {isa = PBXBuildFile; fileRef = 570EE4D72530383D003B75FE /* Session+CoreDataClass.swift */; };
		570EE4DA2530383D003B75FE /* Session+CoreDataProperties.swift in Sources */ = {isa = PBXBuildFile; fileRef = 570EE4D82530383D003B75FE /* Session+CoreDataProperties.swift */; };
		5715C62324C364E4006709C5 /* BookCreate.swift in Sources */ = {isa = PBXBuildFile; fileRef = 5715C62224C364E4006709C5 /* BookCreate.swift */; };
		5716CDAA24D140960017E2E2 /* Book+CoreDataClass.swift in Sources */ = {isa = PBXBuildFile; fileRef = 5716CDA824D140960017E2E2 /* Book+CoreDataClass.swift */; };
		5716CDAB24D140960017E2E2 /* Book+CoreDataProperties.swift in Sources */ = {isa = PBXBuildFile; fileRef = 5716CDA924D140960017E2E2 /* Book+CoreDataProperties.swift */; };
		571D643B24D14F65009F7AA8 /* BookSeeder.swift in Sources */ = {isa = PBXBuildFile; fileRef = 571D643A24D14F65009F7AA8 /* BookSeeder.swift */; };
		5723958024BEF28A007DC1E5 /* Assets.xcassets in Resources */ = {isa = PBXBuildFile; fileRef = 5723957F24BEF28A007DC1E5 /* Assets.xcassets */; };
		5723958324BEF28A007DC1E5 /* Preview Assets.xcassets in Resources */ = {isa = PBXBuildFile; fileRef = 5723958224BEF28A007DC1E5 /* Preview Assets.xcassets */; };
		5723958E24C0212E007DC1E5 /* BookDetail.swift in Sources */ = {isa = PBXBuildFile; fileRef = 5723958D24C0212E007DC1E5 /* BookDetail.swift */; };
		5723959024C021A8007DC1E5 /* BookList.swift in Sources */ = {isa = PBXBuildFile; fileRef = 5723958F24C021A7007DC1E5 /* BookList.swift */; };
		57393CDC24ED1AD700DC9C40 /* CoreExtensions.swift in Sources */ = {isa = PBXBuildFile; fileRef = 57393CDB24ED1AD700DC9C40 /* CoreExtensions.swift */; };
		5746E93024F2E0DC0094A27F /* SessionCreate.swift in Sources */ = {isa = PBXBuildFile; fileRef = 5746E92F24F2E0DC0094A27F /* SessionCreate.swift */; };
		5748A7FE24FFE4270041C511 /* BookListModal.swift in Sources */ = {isa = PBXBuildFile; fileRef = 5748A7FD24FFE4270041C511 /* BookListModal.swift */; };
		575936A324F3A16F00D58737 /* PersistenceController.swift in Sources */ = {isa = PBXBuildFile; fileRef = 575936A224F3A16F00D58737 /* PersistenceController.swift */; };
		575936AA24F3A3A000D58737 /* ReadingApp.swift in Sources */ = {isa = PBXBuildFile; fileRef = 575936A924F3A3A000D58737 /* ReadingApp.swift */; };
		57740398252C4316001152B4 /* SimpleSessionCreate.swift in Sources */ = {isa = PBXBuildFile; fileRef = 57740397252C4316001152B4 /* SimpleSessionCreate.swift */; };
		577403BE252DB996001152B4 /* SessionList.swift in Sources */ = {isa = PBXBuildFile; fileRef = 577403BD252DB996001152B4 /* SessionList.swift */; };
		577403C5252DBC61001152B4 /* SessionRow.swift in Sources */ = {isa = PBXBuildFile; fileRef = 577403C4252DBC61001152B4 /* SessionRow.swift */; };
		577403C8252DBCFE001152B4 /* SessionDetail.swift in Sources */ = {isa = PBXBuildFile; fileRef = 577403C7252DBCFE001152B4 /* SessionDetail.swift */; };
		577403CC252DBE14001152B4 /* SessionListBook.swift in Sources */ = {isa = PBXBuildFile; fileRef = 577403CB252DBE14001152B4 /* SessionListBook.swift */; };
		578B08D924C1737D00500C41 /* BookRow.swift in Sources */ = {isa = PBXBuildFile; fileRef = 578B08D824C1737D00500C41 /* BookRow.swift */; };
		579A987E24EFDFE500F80EC7 /* BookListSortPicker.swift in Sources */ = {isa = PBXBuildFile; fileRef = 579A987D24EFDFE500F80EC7 /* BookListSortPicker.swift */; };
		57A000692515CAFC0023BFB5 /* SessionCreatePageViewModel.swift in Sources */ = {isa = PBXBuildFile; fileRef = 57A000682515CAFC0023BFB5 /* SessionCreatePageViewModel.swift */; };
		57A0006C2515D2FF0023BFB5 /* SessionCreatePageField.swift in Sources */ = {isa = PBXBuildFile; fileRef = 57A0006B2515D2FF0023BFB5 /* SessionCreatePageField.swift */; };
		57A29320250FAA98001F47A7 /* SessionCreatePagesViewModel.swift in Sources */ = {isa = PBXBuildFile; fileRef = 57A2931F250FAA98001F47A7 /* SessionCreatePagesViewModel.swift */; };
		57E95B1424D04C6200AF1FD9 /* reading.xcdatamodeld in Sources */ = {isa = PBXBuildFile; fileRef = 57E95B1224D04C6200AF1FD9 /* reading.xcdatamodeld */; };
		57EE54512507B5E10080945C /* SessionCreatePagesSection.swift in Sources */ = {isa = PBXBuildFile; fileRef = 57EE54502507B5E10080945C /* SessionCreatePagesSection.swift */; };
		57F4815224FF9490002B6691 /* BookStorage.swift in Sources */ = {isa = PBXBuildFile; fileRef = 57F4815124FF9490002B6691 /* BookStorage.swift */; };
/* End PBXBuildFile section */

/* Begin PBXFileReference section */
		5708D84424C7096F002635BB /* BookCover.swift */ = {isa = PBXFileReference; lastKnownFileType = sourcecode.swift; path = BookCover.swift; sourceTree = "<group>"; };
		570EE4D72530383D003B75FE /* Session+CoreDataClass.swift */ = {isa = PBXFileReference; lastKnownFileType = sourcecode.swift; path = "Session+CoreDataClass.swift"; sourceTree = "<group>"; };
		570EE4D82530383D003B75FE /* Session+CoreDataProperties.swift */ = {isa = PBXFileReference; lastKnownFileType = sourcecode.swift; path = "Session+CoreDataProperties.swift"; sourceTree = "<group>"; };
		5715C62224C364E4006709C5 /* BookCreate.swift */ = {isa = PBXFileReference; lastKnownFileType = sourcecode.swift; path = BookCreate.swift; sourceTree = "<group>"; };
		5716CDA824D140960017E2E2 /* Book+CoreDataClass.swift */ = {isa = PBXFileReference; lastKnownFileType = sourcecode.swift; path = "Book+CoreDataClass.swift"; sourceTree = "<group>"; };
		5716CDA924D140960017E2E2 /* Book+CoreDataProperties.swift */ = {isa = PBXFileReference; lastKnownFileType = sourcecode.swift; path = "Book+CoreDataProperties.swift"; sourceTree = "<group>"; };
		571D643A24D14F65009F7AA8 /* BookSeeder.swift */ = {isa = PBXFileReference; lastKnownFileType = sourcecode.swift; path = BookSeeder.swift; sourceTree = "<group>"; };
		5723957624BEF289007DC1E5 /* reading.app */ = {isa = PBXFileReference; explicitFileType = wrapper.application; includeInIndex = 0; path = reading.app; sourceTree = BUILT_PRODUCTS_DIR; };
		5723957F24BEF28A007DC1E5 /* Assets.xcassets */ = {isa = PBXFileReference; lastKnownFileType = folder.assetcatalog; path = Assets.xcassets; sourceTree = "<group>"; };
		5723958224BEF28A007DC1E5 /* Preview Assets.xcassets */ = {isa = PBXFileReference; lastKnownFileType = folder.assetcatalog; path = "Preview Assets.xcassets"; sourceTree = "<group>"; };
		5723958724BEF28A007DC1E5 /* Info.plist */ = {isa = PBXFileReference; lastKnownFileType = text.plist.xml; path = Info.plist; sourceTree = "<group>"; };
		5723958D24C0212E007DC1E5 /* BookDetail.swift */ = {isa = PBXFileReference; lastKnownFileType = sourcecode.swift; path = BookDetail.swift; sourceTree = "<group>"; };
		5723958F24C021A7007DC1E5 /* BookList.swift */ = {isa = PBXFileReference; lastKnownFileType = sourcecode.swift; path = BookList.swift; sourceTree = "<group>"; };
		57393CDB24ED1AD700DC9C40 /* CoreExtensions.swift */ = {isa = PBXFileReference; lastKnownFileType = sourcecode.swift; path = CoreExtensions.swift; sourceTree = "<group>"; };
		5746E92F24F2E0DC0094A27F /* SessionCreate.swift */ = {isa = PBXFileReference; lastKnownFileType = sourcecode.swift; path = SessionCreate.swift; sourceTree = "<group>"; };
		5748A7FD24FFE4270041C511 /* BookListModal.swift */ = {isa = PBXFileReference; lastKnownFileType = sourcecode.swift; path = BookListModal.swift; sourceTree = "<group>"; };
		575936A224F3A16F00D58737 /* PersistenceController.swift */ = {isa = PBXFileReference; lastKnownFileType = sourcecode.swift; path = PersistenceController.swift; sourceTree = "<group>"; };
		575936A924F3A3A000D58737 /* ReadingApp.swift */ = {isa = PBXFileReference; lastKnownFileType = sourcecode.swift; path = ReadingApp.swift; sourceTree = "<group>"; };
		57740397252C4316001152B4 /* SimpleSessionCreate.swift */ = {isa = PBXFileReference; lastKnownFileType = sourcecode.swift; path = SimpleSessionCreate.swift; sourceTree = "<group>"; };
		577403BD252DB996001152B4 /* SessionList.swift */ = {isa = PBXFileReference; lastKnownFileType = sourcecode.swift; path = SessionList.swift; sourceTree = "<group>"; };
		577403C4252DBC61001152B4 /* SessionRow.swift */ = {isa = PBXFileReference; lastKnownFileType = sourcecode.swift; path = SessionRow.swift; sourceTree = "<group>"; };
		577403C7252DBCFE001152B4 /* SessionDetail.swift */ = {isa = PBXFileReference; lastKnownFileType = sourcecode.swift; path = SessionDetail.swift; sourceTree = "<group>"; };
		577403CB252DBE14001152B4 /* SessionListBook.swift */ = {isa = PBXFileReference; lastKnownFileType = sourcecode.swift; path = SessionListBook.swift; sourceTree = "<group>"; };
		578B08D824C1737D00500C41 /* BookRow.swift */ = {isa = PBXFileReference; lastKnownFileType = sourcecode.swift; path = BookRow.swift; sourceTree = "<group>"; };
		579A987D24EFDFE500F80EC7 /* BookListSortPicker.swift */ = {isa = PBXFileReference; lastKnownFileType = sourcecode.swift; path = BookListSortPicker.swift; sourceTree = "<group>"; };
		57A000682515CAFC0023BFB5 /* SessionCreatePageViewModel.swift */ = {isa = PBXFileReference; lastKnownFileType = sourcecode.swift; path = SessionCreatePageViewModel.swift; sourceTree = "<group>"; };
		57A0006B2515D2FF0023BFB5 /* SessionCreatePageField.swift */ = {isa = PBXFileReference; lastKnownFileType = sourcecode.swift; path = SessionCreatePageField.swift; sourceTree = "<group>"; };
		57A2931F250FAA98001F47A7 /* SessionCreatePagesViewModel.swift */ = {isa = PBXFileReference; lastKnownFileType = sourcecode.swift; path = SessionCreatePagesViewModel.swift; sourceTree = "<group>"; };
		57E95B1324D04C6200AF1FD9 /* reading.xcdatamodel */ = {isa = PBXFileReference; lastKnownFileType = wrapper.xcdatamodel; path = reading.xcdatamodel; sourceTree = "<group>"; };
		57EE54502507B5E10080945C /* SessionCreatePagesSection.swift */ = {isa = PBXFileReference; lastKnownFileType = sourcecode.swift; path = SessionCreatePagesSection.swift; sourceTree = "<group>"; };
		57F4815124FF9490002B6691 /* BookStorage.swift */ = {isa = PBXFileReference; lastKnownFileType = sourcecode.swift; path = BookStorage.swift; sourceTree = "<group>"; };
/* End PBXFileReference section */

/* Begin PBXFrameworksBuildPhase section */
		5723957324BEF289007DC1E5 /* Frameworks */ = {
			isa = PBXFrameworksBuildPhase;
			buildActionMask = 2147483647;
			files = (
			);
			runOnlyForDeploymentPostprocessing = 0;
		};
/* End PBXFrameworksBuildPhase section */

/* Begin PBXGroup section */
		5723956D24BEF289007DC1E5 = {
			isa = PBXGroup;
			children = (
				5723957824BEF289007DC1E5 /* reading */,
				5723957724BEF289007DC1E5 /* Products */,
			);
			sourceTree = "<group>";
		};
		5723957724BEF289007DC1E5 /* Products */ = {
			isa = PBXGroup;
			children = (
				5723957624BEF289007DC1E5 /* reading.app */,
			);
			name = Products;
			sourceTree = "<group>";
		};
		5723957824BEF289007DC1E5 /* reading */ = {
			isa = PBXGroup;
			children = (
				57A2931D250FA9BF001F47A7 /* Common */,
				57393CD824ED1A3F00DC9C40 /* Extension */,
				57C97BFE24D051D000398FA9 /* Model */,
				57A2931E250FAA47001F47A7 /* MVVM */,
				5723958124BEF28A007DC1E5 /* Preview Content */,
				57955C1524ED03A000D178CA /* View */,
			);
			path = reading;
			sourceTree = "<group>";
		};
		5723958124BEF28A007DC1E5 /* Preview Content */ = {
			isa = PBXGroup;
			children = (
				571D643A24D14F65009F7AA8 /* BookSeeder.swift */,
				5723958224BEF28A007DC1E5 /* Preview Assets.xcassets */,
			);
			path = "Preview Content";
			sourceTree = "<group>";
		};
		57393CD824ED1A3F00DC9C40 /* Extension */ = {
			isa = PBXGroup;
			children = (
				57393CDB24ED1AD700DC9C40 /* CoreExtensions.swift */,
			);
			path = Extension;
			sourceTree = "<group>";
		};
		57955C1524ED03A000D178CA /* View */ = {
			isa = PBXGroup;
			children = (
				5708D84424C7096F002635BB /* BookCover.swift */,
				5715C62224C364E4006709C5 /* BookCreate.swift */,
				5723958D24C0212E007DC1E5 /* BookDetail.swift */,
				5723958F24C021A7007DC1E5 /* BookList.swift */,
				5748A7FD24FFE4270041C511 /* BookListModal.swift */,
				579A987D24EFDFE500F80EC7 /* BookListSortPicker.swift */,
				578B08D824C1737D00500C41 /* BookRow.swift */,
				5746E92F24F2E0DC0094A27F /* SessionCreate.swift */,
				57A0006B2515D2FF0023BFB5 /* SessionCreatePageField.swift */,
				57EE54502507B5E10080945C /* SessionCreatePagesSection.swift */,
				577403C7252DBCFE001152B4 /* SessionDetail.swift */,
				577403BD252DB996001152B4 /* SessionList.swift */,
				577403CB252DBE14001152B4 /* SessionListBook.swift */,
				577403C4252DBC61001152B4 /* SessionRow.swift */,
				57740397252C4316001152B4 /* SimpleSessionCreate.swift */,
			);
			path = View;
			sourceTree = "<group>";
		};
		57A2931D250FA9BF001F47A7 /* Common */ = {
			isa = PBXGroup;
			children = (
				5723958724BEF28A007DC1E5 /* Info.plist */,
				57F4815124FF9490002B6691 /* BookStorage.swift */,
				575936A924F3A3A000D58737 /* ReadingApp.swift */,
				5723957F24BEF28A007DC1E5 /* Assets.xcassets */,
			);
			path = Common;
			sourceTree = "<group>";
		};
		57A2931E250FAA47001F47A7 /* MVVM */ = {
			isa = PBXGroup;
			children = (
				57A2931F250FAA98001F47A7 /* SessionCreatePagesViewModel.swift */,
				57A000682515CAFC0023BFB5 /* SessionCreatePageViewModel.swift */,
			);
			path = MVVM;
			sourceTree = "<group>";
		};
		57C97BFE24D051D000398FA9 /* Model */ = {
			isa = PBXGroup;
			children = (
				5716CDA824D140960017E2E2 /* Book+CoreDataClass.swift */,
				5716CDA924D140960017E2E2 /* Book+CoreDataProperties.swift */,
				575936A224F3A16F00D58737 /* PersistenceController.swift */,
				570EE4D72530383D003B75FE /* Session+CoreDataClass.swift */,
				570EE4D82530383D003B75FE /* Session+CoreDataProperties.swift */,
				57E95B1224D04C6200AF1FD9 /* reading.xcdatamodeld */,
			);
			path = Model;
			sourceTree = "<group>";
		};
/* End PBXGroup section */

/* Begin PBXNativeTarget section */
		5723957524BEF289007DC1E5 /* reading */ = {
			isa = PBXNativeTarget;
			buildConfigurationList = 5723958A24BEF28A007DC1E5 /* Build configuration list for PBXNativeTarget "reading" */;
			buildPhases = (
				5723957224BEF289007DC1E5 /* Sources */,
				5723957324BEF289007DC1E5 /* Frameworks */,
				5723957424BEF289007DC1E5 /* Resources */,
			);
			buildRules = (
			);
			dependencies = (
			);
			name = reading;
			productName = "read-ing";
			productReference = 5723957624BEF289007DC1E5 /* reading.app */;
			productType = "com.apple.product-type.application";
		};
/* End PBXNativeTarget section */

/* Begin PBXProject section */
		5723956E24BEF289007DC1E5 /* Project object */ = {
			isa = PBXProject;
			attributes = {
				LastSwiftUpdateCheck = 1150;
				LastUpgradeCheck = 1200;
				ORGANIZATIONNAME = mrv1k;
				TargetAttributes = {
					5723957524BEF289007DC1E5 = {
						CreatedOnToolsVersion = 11.5;
					};
				};
			};
			buildConfigurationList = 5723957124BEF289007DC1E5 /* Build configuration list for PBXProject "reading" */;
			compatibilityVersion = "Xcode 12.0";
			developmentRegion = en;
			hasScannedForEncodings = 0;
			knownRegions = (
				en,
				Base,
			);
			mainGroup = 5723956D24BEF289007DC1E5;
			productRefGroup = 5723957724BEF289007DC1E5 /* Products */;
			projectDirPath = "";
			projectRoot = "";
			targets = (
				5723957524BEF289007DC1E5 /* reading */,
			);
		};
/* End PBXProject section */

/* Begin PBXResourcesBuildPhase section */
		5723957424BEF289007DC1E5 /* Resources */ = {
			isa = PBXResourcesBuildPhase;
			buildActionMask = 2147483647;
			files = (
				5723958324BEF28A007DC1E5 /* Preview Assets.xcassets in Resources */,
				5723958024BEF28A007DC1E5 /* Assets.xcassets in Resources */,
			);
			runOnlyForDeploymentPostprocessing = 0;
		};
/* End PBXResourcesBuildPhase section */

/* Begin PBXSourcesBuildPhase section */
		5723957224BEF289007DC1E5 /* Sources */ = {
			isa = PBXSourcesBuildPhase;
			buildActionMask = 2147483647;
			files = (
				5748A7FE24FFE4270041C511 /* BookListModal.swift in Sources */,
				577403C5252DBC61001152B4 /* SessionRow.swift in Sources */,
				5746E93024F2E0DC0094A27F /* SessionCreate.swift in Sources */,
				5708D84524C7096F002635BB /* BookCover.swift in Sources */,
				57EE54512507B5E10080945C /* SessionCreatePagesSection.swift in Sources */,
				577403C8252DBCFE001152B4 /* SessionDetail.swift in Sources */,
				5715C62324C364E4006709C5 /* BookCreate.swift in Sources */,
				579A987E24EFDFE500F80EC7 /* BookListSortPicker.swift in Sources */,
				57740398252C4316001152B4 /* SimpleSessionCreate.swift in Sources */,
				57A000692515CAFC0023BFB5 /* SessionCreatePageViewModel.swift in Sources */,
				575936AA24F3A3A000D58737 /* ReadingApp.swift in Sources */,
				570EE4D92530383D003B75FE /* Session+CoreDataClass.swift in Sources */,
				571D643B24D14F65009F7AA8 /* BookSeeder.swift in Sources */,
				5723959024C021A8007DC1E5 /* BookList.swift in Sources */,
				57E95B1424D04C6200AF1FD9 /* reading.xcdatamodeld in Sources */,
				5723958E24C0212E007DC1E5 /* BookDetail.swift in Sources */,
				577403CC252DBE14001152B4 /* SessionListBook.swift in Sources */,
				575936A324F3A16F00D58737 /* PersistenceController.swift in Sources */,
				577403BE252DB996001152B4 /* SessionList.swift in Sources */,
				570EE4DA2530383D003B75FE /* Session+CoreDataProperties.swift in Sources */,
				57A0006C2515D2FF0023BFB5 /* SessionCreatePageField.swift in Sources */,
				57A29320250FAA98001F47A7 /* SessionCreatePagesViewModel.swift in Sources */,
				5716CDAA24D140960017E2E2 /* Book+CoreDataClass.swift in Sources */,
				57F4815224FF9490002B6691 /* BookStorage.swift in Sources */,
				578B08D924C1737D00500C41 /* BookRow.swift in Sources */,
				57393CDC24ED1AD700DC9C40 /* CoreExtensions.swift in Sources */,
				5716CDAB24D140960017E2E2 /* Book+CoreDataProperties.swift in Sources */,
			);
			runOnlyForDeploymentPostprocessing = 0;
		};
/* End PBXSourcesBuildPhase section */

/* Begin XCBuildConfiguration section */
		5723958824BEF28A007DC1E5 /* Debug */ = {
			isa = XCBuildConfiguration;
			buildSettings = {
				ALWAYS_SEARCH_USER_PATHS = NO;
				CLANG_ANALYZER_NONNULL = YES;
				CLANG_ANALYZER_NUMBER_OBJECT_CONVERSION = YES_AGGRESSIVE;
				CLANG_CXX_LANGUAGE_STANDARD = "gnu++14";
				CLANG_CXX_LIBRARY = "libc++";
				CLANG_ENABLE_MODULES = YES;
				CLANG_ENABLE_OBJC_ARC = YES;
				CLANG_ENABLE_OBJC_WEAK = YES;
				CLANG_WARN_BLOCK_CAPTURE_AUTORELEASING = YES;
				CLANG_WARN_BOOL_CONVERSION = YES;
				CLANG_WARN_COMMA = YES;
				CLANG_WARN_CONSTANT_CONVERSION = YES;
				CLANG_WARN_DEPRECATED_OBJC_IMPLEMENTATIONS = YES;
				CLANG_WARN_DIRECT_OBJC_ISA_USAGE = YES_ERROR;
				CLANG_WARN_DOCUMENTATION_COMMENTS = YES;
				CLANG_WARN_EMPTY_BODY = YES;
				CLANG_WARN_ENUM_CONVERSION = YES;
				CLANG_WARN_INFINITE_RECURSION = YES;
				CLANG_WARN_INT_CONVERSION = YES;
				CLANG_WARN_NON_LITERAL_NULL_CONVERSION = YES;
				CLANG_WARN_OBJC_IMPLICIT_RETAIN_SELF = YES;
				CLANG_WARN_OBJC_LITERAL_CONVERSION = YES;
				CLANG_WARN_OBJC_ROOT_CLASS = YES_ERROR;
				CLANG_WARN_QUOTED_INCLUDE_IN_FRAMEWORK_HEADER = YES;
				CLANG_WARN_RANGE_LOOP_ANALYSIS = YES;
				CLANG_WARN_STRICT_PROTOTYPES = YES;
				CLANG_WARN_SUSPICIOUS_MOVE = YES;
				CLANG_WARN_UNGUARDED_AVAILABILITY = YES_AGGRESSIVE;
				CLANG_WARN_UNREACHABLE_CODE = YES;
				CLANG_WARN__DUPLICATE_METHOD_MATCH = YES;
				COPY_PHASE_STRIP = NO;
				DEBUG_INFORMATION_FORMAT = dwarf;
				DEVELOPMENT_TEAM = HYDQYSX5D6;
				ENABLE_STRICT_OBJC_MSGSEND = YES;
				ENABLE_TESTABILITY = YES;
				GCC_C_LANGUAGE_STANDARD = gnu11;
				GCC_DYNAMIC_NO_PIC = NO;
				GCC_NO_COMMON_BLOCKS = YES;
				GCC_OPTIMIZATION_LEVEL = 0;
				GCC_PREPROCESSOR_DEFINITIONS = (
					"DEBUG=1",
					"$(inherited)",
				);
				GCC_WARN_64_TO_32_BIT_CONVERSION = YES;
				GCC_WARN_ABOUT_RETURN_TYPE = YES_ERROR;
				GCC_WARN_UNDECLARED_SELECTOR = YES;
				GCC_WARN_UNINITIALIZED_AUTOS = YES_AGGRESSIVE;
				GCC_WARN_UNUSED_FUNCTION = YES;
				GCC_WARN_UNUSED_VARIABLE = YES;
				IPHONEOS_DEPLOYMENT_TARGET = 14.0;
				MTL_ENABLE_DEBUG_INFO = INCLUDE_SOURCE;
				MTL_FAST_MATH = YES;
				ONLY_ACTIVE_ARCH = YES;
				SDKROOT = iphoneos;
				SWIFT_ACTIVE_COMPILATION_CONDITIONS = DEBUG;
				SWIFT_OPTIMIZATION_LEVEL = "-Onone";
			};
			name = Debug;
		};
		5723958924BEF28A007DC1E5 /* Release */ = {
			isa = XCBuildConfiguration;
			buildSettings = {
				ALWAYS_SEARCH_USER_PATHS = NO;
				CLANG_ANALYZER_NONNULL = YES;
				CLANG_ANALYZER_NUMBER_OBJECT_CONVERSION = YES_AGGRESSIVE;
				CLANG_CXX_LANGUAGE_STANDARD = "gnu++14";
				CLANG_CXX_LIBRARY = "libc++";
				CLANG_ENABLE_MODULES = YES;
				CLANG_ENABLE_OBJC_ARC = YES;
				CLANG_ENABLE_OBJC_WEAK = YES;
				CLANG_WARN_BLOCK_CAPTURE_AUTORELEASING = YES;
				CLANG_WARN_BOOL_CONVERSION = YES;
				CLANG_WARN_COMMA = YES;
				CLANG_WARN_CONSTANT_CONVERSION = YES;
				CLANG_WARN_DEPRECATED_OBJC_IMPLEMENTATIONS = YES;
				CLANG_WARN_DIRECT_OBJC_ISA_USAGE = YES_ERROR;
				CLANG_WARN_DOCUMENTATION_COMMENTS = YES;
				CLANG_WARN_EMPTY_BODY = YES;
				CLANG_WARN_ENUM_CONVERSION = YES;
				CLANG_WARN_INFINITE_RECURSION = YES;
				CLANG_WARN_INT_CONVERSION = YES;
				CLANG_WARN_NON_LITERAL_NULL_CONVERSION = YES;
				CLANG_WARN_OBJC_IMPLICIT_RETAIN_SELF = YES;
				CLANG_WARN_OBJC_LITERAL_CONVERSION = YES;
				CLANG_WARN_OBJC_ROOT_CLASS = YES_ERROR;
				CLANG_WARN_QUOTED_INCLUDE_IN_FRAMEWORK_HEADER = YES;
				CLANG_WARN_RANGE_LOOP_ANALYSIS = YES;
				CLANG_WARN_STRICT_PROTOTYPES = YES;
				CLANG_WARN_SUSPICIOUS_MOVE = YES;
				CLANG_WARN_UNGUARDED_AVAILABILITY = YES_AGGRESSIVE;
				CLANG_WARN_UNREACHABLE_CODE = YES;
				CLANG_WARN__DUPLICATE_METHOD_MATCH = YES;
				COPY_PHASE_STRIP = NO;
				DEBUG_INFORMATION_FORMAT = "dwarf-with-dsym";
				DEVELOPMENT_TEAM = HYDQYSX5D6;
				ENABLE_NS_ASSERTIONS = NO;
				ENABLE_STRICT_OBJC_MSGSEND = YES;
				GCC_C_LANGUAGE_STANDARD = gnu11;
				GCC_NO_COMMON_BLOCKS = YES;
				GCC_WARN_64_TO_32_BIT_CONVERSION = YES;
				GCC_WARN_ABOUT_RETURN_TYPE = YES_ERROR;
				GCC_WARN_UNDECLARED_SELECTOR = YES;
				GCC_WARN_UNINITIALIZED_AUTOS = YES_AGGRESSIVE;
				GCC_WARN_UNUSED_FUNCTION = YES;
				GCC_WARN_UNUSED_VARIABLE = YES;
				IPHONEOS_DEPLOYMENT_TARGET = 14.0;
				MTL_ENABLE_DEBUG_INFO = NO;
				MTL_FAST_MATH = YES;
				SDKROOT = iphoneos;
				SWIFT_COMPILATION_MODE = wholemodule;
				SWIFT_OPTIMIZATION_LEVEL = "-O";
				VALIDATE_PRODUCT = YES;
			};
			name = Release;
		};
		5723958B24BEF28A007DC1E5 /* Debug */ = {
			isa = XCBuildConfiguration;
			buildSettings = {
				ASSETCATALOG_COMPILER_APPICON_NAME = AppIcon;
				CODE_SIGN_IDENTITY = "Apple Development";
				CODE_SIGN_STYLE = Automatic;
				DEVELOPMENT_ASSET_PATHS = "\"reading/Preview Content\"";
				DEVELOPMENT_TEAM = HYDQYSX5D6;
				ENABLE_PREVIEWS = YES;
				INFOPLIST_FILE = reading/Common/Info.plist;
				IPHONEOS_DEPLOYMENT_TARGET = 14.0;
				LD_RUNPATH_SEARCH_PATHS = (
					"$(inherited)",
					"@executable_path/Frameworks",
				);
				PRODUCT_BUNDLE_IDENTIFIER = io.github.mrv1k.reading;
				PRODUCT_NAME = "$(TARGET_NAME)";
				PROVISIONING_PROFILE_SPECIFIER = "";
				SWIFT_VERSION = 5.0;
				TARGETED_DEVICE_FAMILY = 1;
			};
			name = Debug;
		};
		5723958C24BEF28A007DC1E5 /* Release */ = {
			isa = XCBuildConfiguration;
			buildSettings = {
				ASSETCATALOG_COMPILER_APPICON_NAME = AppIcon;
				CODE_SIGN_IDENTITY = "Apple Development";
				CODE_SIGN_STYLE = Automatic;
				DEVELOPMENT_ASSET_PATHS = "\"reading/Preview Content\"";
				DEVELOPMENT_TEAM = HYDQYSX5D6;
				ENABLE_PREVIEWS = YES;
				INFOPLIST_FILE = reading/Common/Info.plist;
				IPHONEOS_DEPLOYMENT_TARGET = 14.0;
				LD_RUNPATH_SEARCH_PATHS = (
					"$(inherited)",
					"@executable_path/Frameworks",
				);
				PRODUCT_BUNDLE_IDENTIFIER = io.github.mrv1k.reading;
				PRODUCT_NAME = "$(TARGET_NAME)";
				PROVISIONING_PROFILE_SPECIFIER = "";
				SWIFT_VERSION = 5.0;
				TARGETED_DEVICE_FAMILY = 1;
			};
			name = Release;
		};
/* End XCBuildConfiguration section */

/* Begin XCConfigurationList section */
		5723957124BEF289007DC1E5 /* Build configuration list for PBXProject "reading" */ = {
			isa = XCConfigurationList;
			buildConfigurations = (
				5723958824BEF28A007DC1E5 /* Debug */,
				5723958924BEF28A007DC1E5 /* Release */,
			);
			defaultConfigurationIsVisible = 0;
			defaultConfigurationName = Release;
		};
		5723958A24BEF28A007DC1E5 /* Build configuration list for PBXNativeTarget "reading" */ = {
			isa = XCConfigurationList;
			buildConfigurations = (
				5723958B24BEF28A007DC1E5 /* Debug */,
				5723958C24BEF28A007DC1E5 /* Release */,
			);
			defaultConfigurationIsVisible = 0;
			defaultConfigurationName = Release;
		};
/* End XCConfigurationList section */

/* Begin XCVersionGroup section */
		57E95B1224D04C6200AF1FD9 /* reading.xcdatamodeld */ = {
			isa = XCVersionGroup;
			children = (
				57E95B1324D04C6200AF1FD9 /* reading.xcdatamodel */,
			);
			currentVersion = 57E95B1324D04C6200AF1FD9 /* reading.xcdatamodel */;
			path = reading.xcdatamodeld;
			sourceTree = "<group>";
			versionGroupType = wrapper.xcdatamodel;
		};
/* End XCVersionGroup section */
	};
	rootObject = 5723956E24BEF289007DC1E5 /* Project object */;
}
