// !$*UTF8*$!
{
	archiveVersion = 1;
	classes = {
	};
	objectVersion = 54;
	objects = {

/* Begin PBXBuildFile section */
		5705823D258B1AEB00B62399 /* CDBookSortTests.swift in Sources */ = {isa = PBXBuildFile; fileRef = 5705823C258B1AEB00B62399 /* CDBookSortTests.swift */; };
		5706EB37258928910004B3DA /* CDBookSort.swift in Sources */ = {isa = PBXBuildFile; fileRef = 5706EB36258928910004B3DA /* CDBookSort.swift */; };
		5706EB5D2589BF750004B3DA /* CDBookStorageTests.swift in Sources */ = {isa = PBXBuildFile; fileRef = 5706EB5C2589BF750004B3DA /* CDBookStorageTests.swift */; };
		5706EB652589CBBB0004B3DA /* UnitOfWork.swift in Sources */ = {isa = PBXBuildFile; fileRef = 5706EB642589CBBB0004B3DA /* UnitOfWork.swift */; };
		5708D84524C7096F002635BB /* BookCover.swift in Sources */ = {isa = PBXBuildFile; fileRef = 5708D84424C7096F002635BB /* BookCover.swift */; };
		57093B802559B1BA00FEC08D /* SessionRowViewModel.swift in Sources */ = {isa = PBXBuildFile; fileRef = 57093B7F2559B1BA00FEC08D /* SessionRowViewModel.swift */; };
		570EE4D92530383D003B75FE /* Session+CoreDataClass.swift in Sources */ = {isa = PBXBuildFile; fileRef = 570EE4D72530383D003B75FE /* Session+CoreDataClass.swift */; };
		570EE4DA2530383D003B75FE /* Session+CoreDataProperties.swift in Sources */ = {isa = PBXBuildFile; fileRef = 570EE4D82530383D003B75FE /* Session+CoreDataProperties.swift */; };
		5715C62324C364E4006709C5 /* BookCreate.swift in Sources */ = {isa = PBXBuildFile; fileRef = 5715C62224C364E4006709C5 /* BookCreate.swift */; };
		5716A745257178980097C605 /* Introspect in Frameworks */ = {isa = PBXBuildFile; productRef = 5716A744257178980097C605 /* Introspect */; };
		5716CDAA24D140960017E2E2 /* Book+CoreDataClass.swift in Sources */ = {isa = PBXBuildFile; fileRef = 5716CDA824D140960017E2E2 /* Book+CoreDataClass.swift */; };
		5716CDAB24D140960017E2E2 /* Book+CoreDataProperties.swift in Sources */ = {isa = PBXBuildFile; fileRef = 5716CDA924D140960017E2E2 /* Book+CoreDataProperties.swift */; };
		571A755E2581C11A004E2F5C /* DomainBookRepositoryTests.swift in Sources */ = {isa = PBXBuildFile; fileRef = 571A755D2581C11A004E2F5C /* DomainBookRepositoryTests.swift */; };
		571A75692581E023004E2F5C /* readingUITests.swift in Sources */ = {isa = PBXBuildFile; fileRef = 571A75682581E023004E2F5C /* readingUITests.swift */; };
		571D643B24D14F65009F7AA8 /* BookSeeder.swift in Sources */ = {isa = PBXBuildFile; fileRef = 571D643A24D14F65009F7AA8 /* BookSeeder.swift */; };
		5723958024BEF28A007DC1E5 /* Assets.xcassets in Resources */ = {isa = PBXBuildFile; fileRef = 5723957F24BEF28A007DC1E5 /* Assets.xcassets */; };
		5723958324BEF28A007DC1E5 /* Preview Assets.xcassets in Resources */ = {isa = PBXBuildFile; fileRef = 5723958224BEF28A007DC1E5 /* Preview Assets.xcassets */; };
		5723958E24C0212E007DC1E5 /* BookDetail.swift in Sources */ = {isa = PBXBuildFile; fileRef = 5723958D24C0212E007DC1E5 /* BookDetail.swift */; };
		5723959024C021A8007DC1E5 /* BookList.swift in Sources */ = {isa = PBXBuildFile; fileRef = 5723958F24C021A7007DC1E5 /* BookList.swift */; };
		57294EF02535E6B5007BE15D /* SessionExtension.swift in Sources */ = {isa = PBXBuildFile; fileRef = 57294EEF2535E6B5007BE15D /* SessionExtension.swift */; };
		57294EF62535EABF007BE15D /* SessionSeeder.swift in Sources */ = {isa = PBXBuildFile; fileRef = 57294EF52535EABF007BE15D /* SessionSeeder.swift */; };
		57329E0D255DEE73000ECEB1 /* UserDefaultsKey.swift in Sources */ = {isa = PBXBuildFile; fileRef = 57329E0C255DEE73000ECEB1 /* UserDefaultsKey.swift */; };
		57393CDC24ED1AD700DC9C40 /* CoreDataExtension.swift in Sources */ = {isa = PBXBuildFile; fileRef = 57393CDB24ED1AD700DC9C40 /* CoreDataExtension.swift */; };
		573F1CA625644E6600F26F44 /* ViewModelProtocols.swift in Sources */ = {isa = PBXBuildFile; fileRef = 573F1CA525644E6600F26F44 /* ViewModelProtocols.swift */; };
		5744CA01255B97A200C09F2B /* AppSettingsViewModel.swift in Sources */ = {isa = PBXBuildFile; fileRef = 5744CA00255B97A200C09F2B /* AppSettingsViewModel.swift */; };
		5748A7FE24FFE4270041C511 /* BookListModal.swift in Sources */ = {isa = PBXBuildFile; fileRef = 5748A7FD24FFE4270041C511 /* BookListModal.swift */; };
		575936A324F3A16F00D58737 /* PersistenceController.swift in Sources */ = {isa = PBXBuildFile; fileRef = 575936A224F3A16F00D58737 /* PersistenceController.swift */; };
		575936AA24F3A3A000D58737 /* AppView.swift in Sources */ = {isa = PBXBuildFile; fileRef = 575936A924F3A3A000D58737 /* AppView.swift */; };
		57684BED255CAE9C00F1C839 /* BookProgressViewModel.swift in Sources */ = {isa = PBXBuildFile; fileRef = 57684BEC255CAE9C00F1C839 /* BookProgressViewModel.swift */; };
		577403C5252DBC61001152B4 /* SessionRow.swift in Sources */ = {isa = PBXBuildFile; fileRef = 577403C4252DBC61001152B4 /* SessionRow.swift */; };
		577403CC252DBE14001152B4 /* SessionListBook.swift in Sources */ = {isa = PBXBuildFile; fileRef = 577403CB252DBE14001152B4 /* SessionListBook.swift */; };
		57803F3B257B000E00672574 /* ViewExtension.swift in Sources */ = {isa = PBXBuildFile; fileRef = 57803F3A257B000E00672574 /* ViewExtension.swift */; };
		578B08D924C1737D00500C41 /* BookRow.swift in Sources */ = {isa = PBXBuildFile; fileRef = 578B08D824C1737D00500C41 /* BookRow.swift */; };
		578F5AE42579DE1200468DCF /* SwiftCSV in Frameworks */ = {isa = PBXBuildFile; productRef = 578F5AE32579DE1200468DCF /* SwiftCSV */; };
		578F5AF82579E72100468DCF /* V.07.19.csv in Resources */ = {isa = PBXBuildFile; fileRef = 578F5AF52579E72100468DCF /* V.07.19.csv */; };
		578F5AF92579E72100468DCF /* J.07.19.csv in Resources */ = {isa = PBXBuildFile; fileRef = 578F5AF62579E72100468DCF /* J.07.19.csv */; };
		578F5AFA2579E72100468DCF /* Ox.10.19.csv in Resources */ = {isa = PBXBuildFile; fileRef = 578F5AF72579E72100468DCF /* Ox.10.19.csv */; };
		578F5AFD2579E7E800468DCF /* CSVParser.swift in Sources */ = {isa = PBXBuildFile; fileRef = 578F5AFC2579E7E800468DCF /* CSVParser.swift */; };
		579730EC2558CCD100393876 /* BookProgress.swift in Sources */ = {isa = PBXBuildFile; fileRef = 579730EB2558CCD100393876 /* BookProgress.swift */; };
		579730EF2558D88D00393876 /* SessionListBookViewModel.swift in Sources */ = {isa = PBXBuildFile; fileRef = 579730EE2558D88D00393876 /* SessionListBookViewModel.swift */; };
		579A987E24EFDFE500F80EC7 /* BookListSortPicker.swift in Sources */ = {isa = PBXBuildFile; fileRef = 579A987D24EFDFE500F80EC7 /* BookListSortPicker.swift */; };
		57BC70E32581BE0600D848AF /* Repository.swift in Sources */ = {isa = PBXBuildFile; fileRef = 57BC70E22581BE0600D848AF /* Repository.swift */; };
		57BC70E82581BEC000D848AF /* DomainBookRepository.swift in Sources */ = {isa = PBXBuildFile; fileRef = 57BC70E72581BEC000D848AF /* DomainBookRepository.swift */; };
		57BC70ED2581BF6000D848AF /* Models.swift in Sources */ = {isa = PBXBuildFile; fileRef = 57BC70EC2581BF6000D848AF /* Models.swift */; };
		57CDD9ED2555FAB90095B8BF /* Helpers.swift in Sources */ = {isa = PBXBuildFile; fileRef = 57CDD9EC2555FAB90095B8BF /* Helpers.swift */; };
		57CDD9F12555FB6C0095B8BF /* PercentCalculator.swift in Sources */ = {isa = PBXBuildFile; fileRef = 57CDD9F02555FB6C0095B8BF /* PercentCalculator.swift */; };
		57CDD9F42555FB9E0095B8BF /* DateFormatters.swift in Sources */ = {isa = PBXBuildFile; fileRef = 57CDD9F32555FB9E0095B8BF /* DateFormatters.swift */; };
		57D94745255A104000EB3D80 /* AppSettingsEditor.swift in Sources */ = {isa = PBXBuildFile; fileRef = 57D94744255A104000EB3D80 /* AppSettingsEditor.swift */; };
		57E95B1424D04C6200AF1FD9 /* reading.xcdatamodeld in Sources */ = {isa = PBXBuildFile; fileRef = 57E95B1224D04C6200AF1FD9 /* reading.xcdatamodeld */; };
		57F4815224FF9490002B6691 /* CDBookStorage.swift in Sources */ = {isa = PBXBuildFile; fileRef = 57F4815124FF9490002B6691 /* CDBookStorage.swift */; };
/* End PBXBuildFile section */

/* Begin PBXContainerItemProxy section */
		57C065A8257DDD38004FC1BB /* PBXContainerItemProxy */ = {
			isa = PBXContainerItemProxy;
			containerPortal = 5723956E24BEF289007DC1E5 /* Project object */;
			proxyType = 1;
			remoteGlobalIDString = 5723957524BEF289007DC1E5;
			remoteInfo = reading;
		};
		57C065B8257DDD44004FC1BB /* PBXContainerItemProxy */ = {
			isa = PBXContainerItemProxy;
			containerPortal = 5723956E24BEF289007DC1E5 /* Project object */;
			proxyType = 1;
			remoteGlobalIDString = 5723957524BEF289007DC1E5;
			remoteInfo = reading;
		};
/* End PBXContainerItemProxy section */

/* Begin PBXFileReference section */
		5705823C258B1AEB00B62399 /* CDBookSortTests.swift */ = {isa = PBXFileReference; lastKnownFileType = sourcecode.swift; path = CDBookSortTests.swift; sourceTree = "<group>"; };
		5706EB36258928910004B3DA /* CDBookSort.swift */ = {isa = PBXFileReference; lastKnownFileType = sourcecode.swift; path = CDBookSort.swift; sourceTree = "<group>"; };
		5706EB5C2589BF750004B3DA /* CDBookStorageTests.swift */ = {isa = PBXFileReference; lastKnownFileType = sourcecode.swift; path = CDBookStorageTests.swift; sourceTree = "<group>"; };
		5706EB642589CBBB0004B3DA /* UnitOfWork.swift */ = {isa = PBXFileReference; lastKnownFileType = sourcecode.swift; path = UnitOfWork.swift; sourceTree = "<group>"; };
		5708D84424C7096F002635BB /* BookCover.swift */ = {isa = PBXFileReference; lastKnownFileType = sourcecode.swift; path = BookCover.swift; sourceTree = "<group>"; };
		57093B7F2559B1BA00FEC08D /* SessionRowViewModel.swift */ = {isa = PBXFileReference; lastKnownFileType = sourcecode.swift; path = SessionRowViewModel.swift; sourceTree = "<group>"; };
		570EE4D72530383D003B75FE /* Session+CoreDataClass.swift */ = {isa = PBXFileReference; lastKnownFileType = sourcecode.swift; path = "Session+CoreDataClass.swift"; sourceTree = "<group>"; };
		570EE4D82530383D003B75FE /* Session+CoreDataProperties.swift */ = {isa = PBXFileReference; lastKnownFileType = sourcecode.swift; path = "Session+CoreDataProperties.swift"; sourceTree = "<group>"; };
		5715C62224C364E4006709C5 /* BookCreate.swift */ = {isa = PBXFileReference; lastKnownFileType = sourcecode.swift; path = BookCreate.swift; sourceTree = "<group>"; };
		5716CDA824D140960017E2E2 /* Book+CoreDataClass.swift */ = {isa = PBXFileReference; lastKnownFileType = sourcecode.swift; path = "Book+CoreDataClass.swift"; sourceTree = "<group>"; };
		5716CDA924D140960017E2E2 /* Book+CoreDataProperties.swift */ = {isa = PBXFileReference; lastKnownFileType = sourcecode.swift; path = "Book+CoreDataProperties.swift"; sourceTree = "<group>"; };
		571A755D2581C11A004E2F5C /* DomainBookRepositoryTests.swift */ = {isa = PBXFileReference; lastKnownFileType = sourcecode.swift; path = DomainBookRepositoryTests.swift; sourceTree = "<group>"; };
		571A75682581E023004E2F5C /* readingUITests.swift */ = {isa = PBXFileReference; fileEncoding = 4; lastKnownFileType = sourcecode.swift; path = readingUITests.swift; sourceTree = "<group>"; };
		571D643A24D14F65009F7AA8 /* BookSeeder.swift */ = {isa = PBXFileReference; lastKnownFileType = sourcecode.swift; path = BookSeeder.swift; sourceTree = "<group>"; };
		5723957624BEF289007DC1E5 /* reading.app */ = {isa = PBXFileReference; explicitFileType = wrapper.application; includeInIndex = 0; path = reading.app; sourceTree = BUILT_PRODUCTS_DIR; };
		5723957F24BEF28A007DC1E5 /* Assets.xcassets */ = {isa = PBXFileReference; lastKnownFileType = folder.assetcatalog; path = Assets.xcassets; sourceTree = "<group>"; };
		5723958224BEF28A007DC1E5 /* Preview Assets.xcassets */ = {isa = PBXFileReference; lastKnownFileType = folder.assetcatalog; path = "Preview Assets.xcassets"; sourceTree = "<group>"; };
		5723958724BEF28A007DC1E5 /* Info.plist */ = {isa = PBXFileReference; lastKnownFileType = text.plist.xml; path = Info.plist; sourceTree = "<group>"; };
		5723958D24C0212E007DC1E5 /* BookDetail.swift */ = {isa = PBXFileReference; lastKnownFileType = sourcecode.swift; path = BookDetail.swift; sourceTree = "<group>"; };
		5723958F24C021A7007DC1E5 /* BookList.swift */ = {isa = PBXFileReference; lastKnownFileType = sourcecode.swift; path = BookList.swift; sourceTree = "<group>"; };
		57294EEF2535E6B5007BE15D /* SessionExtension.swift */ = {isa = PBXFileReference; lastKnownFileType = sourcecode.swift; path = SessionExtension.swift; sourceTree = "<group>"; };
		57294EF52535EABF007BE15D /* SessionSeeder.swift */ = {isa = PBXFileReference; lastKnownFileType = sourcecode.swift; path = SessionSeeder.swift; sourceTree = "<group>"; };
		57329E0C255DEE73000ECEB1 /* UserDefaultsKey.swift */ = {isa = PBXFileReference; lastKnownFileType = sourcecode.swift; path = UserDefaultsKey.swift; sourceTree = "<group>"; };
		57393CDB24ED1AD700DC9C40 /* CoreDataExtension.swift */ = {isa = PBXFileReference; lastKnownFileType = sourcecode.swift; path = CoreDataExtension.swift; sourceTree = "<group>"; };
		573F1CA525644E6600F26F44 /* ViewModelProtocols.swift */ = {isa = PBXFileReference; lastKnownFileType = sourcecode.swift; path = ViewModelProtocols.swift; sourceTree = "<group>"; };
		5744CA00255B97A200C09F2B /* AppSettingsViewModel.swift */ = {isa = PBXFileReference; lastKnownFileType = sourcecode.swift; path = AppSettingsViewModel.swift; sourceTree = "<group>"; };
		5748A7FD24FFE4270041C511 /* BookListModal.swift */ = {isa = PBXFileReference; lastKnownFileType = sourcecode.swift; path = BookListModal.swift; sourceTree = "<group>"; };
		575936A224F3A16F00D58737 /* PersistenceController.swift */ = {isa = PBXFileReference; lastKnownFileType = sourcecode.swift; path = PersistenceController.swift; sourceTree = "<group>"; };
		575936A924F3A3A000D58737 /* AppView.swift */ = {isa = PBXFileReference; lastKnownFileType = sourcecode.swift; path = AppView.swift; sourceTree = "<group>"; };
		57684BEC255CAE9C00F1C839 /* BookProgressViewModel.swift */ = {isa = PBXFileReference; lastKnownFileType = sourcecode.swift; path = BookProgressViewModel.swift; sourceTree = "<group>"; };
		577403C4252DBC61001152B4 /* SessionRow.swift */ = {isa = PBXFileReference; lastKnownFileType = sourcecode.swift; path = SessionRow.swift; sourceTree = "<group>"; };
		577403CB252DBE14001152B4 /* SessionListBook.swift */ = {isa = PBXFileReference; lastKnownFileType = sourcecode.swift; path = SessionListBook.swift; sourceTree = "<group>"; };
		57803F3A257B000E00672574 /* ViewExtension.swift */ = {isa = PBXFileReference; lastKnownFileType = sourcecode.swift; path = ViewExtension.swift; sourceTree = "<group>"; };
		578B08D824C1737D00500C41 /* BookRow.swift */ = {isa = PBXFileReference; lastKnownFileType = sourcecode.swift; path = BookRow.swift; sourceTree = "<group>"; };
		578F5AF52579E72100468DCF /* V.07.19.csv */ = {isa = PBXFileReference; fileEncoding = 4; lastKnownFileType = text; path = V.07.19.csv; sourceTree = "<group>"; };
		578F5AF62579E72100468DCF /* J.07.19.csv */ = {isa = PBXFileReference; fileEncoding = 4; lastKnownFileType = text; path = J.07.19.csv; sourceTree = "<group>"; };
		578F5AF72579E72100468DCF /* Ox.10.19.csv */ = {isa = PBXFileReference; fileEncoding = 4; lastKnownFileType = text; path = Ox.10.19.csv; sourceTree = "<group>"; };
		578F5AFC2579E7E800468DCF /* CSVParser.swift */ = {isa = PBXFileReference; lastKnownFileType = sourcecode.swift; path = CSVParser.swift; sourceTree = "<group>"; };
		579730EB2558CCD100393876 /* BookProgress.swift */ = {isa = PBXFileReference; lastKnownFileType = sourcecode.swift; path = BookProgress.swift; sourceTree = "<group>"; };
		579730EE2558D88D00393876 /* SessionListBookViewModel.swift */ = {isa = PBXFileReference; lastKnownFileType = sourcecode.swift; path = SessionListBookViewModel.swift; sourceTree = "<group>"; };
		579A987D24EFDFE500F80EC7 /* BookListSortPicker.swift */ = {isa = PBXFileReference; lastKnownFileType = sourcecode.swift; path = BookListSortPicker.swift; sourceTree = "<group>"; };
		57BC70E22581BE0600D848AF /* Repository.swift */ = {isa = PBXFileReference; lastKnownFileType = sourcecode.swift; path = Repository.swift; sourceTree = "<group>"; };
		57BC70E72581BEC000D848AF /* DomainBookRepository.swift */ = {isa = PBXFileReference; lastKnownFileType = sourcecode.swift; path = DomainBookRepository.swift; sourceTree = "<group>"; };
		57BC70EC2581BF6000D848AF /* Models.swift */ = {isa = PBXFileReference; lastKnownFileType = sourcecode.swift; path = Models.swift; sourceTree = "<group>"; };
		57C065A3257DDD38004FC1BB /* readingTests.xctest */ = {isa = PBXFileReference; explicitFileType = wrapper.cfbundle; includeInIndex = 0; path = readingTests.xctest; sourceTree = BUILT_PRODUCTS_DIR; };
		57C065A7257DDD38004FC1BB /* Info.plist */ = {isa = PBXFileReference; lastKnownFileType = text.plist.xml; path = Info.plist; sourceTree = "<group>"; };
		57C065B3257DDD44004FC1BB /* readingUITests.xctest */ = {isa = PBXFileReference; explicitFileType = wrapper.cfbundle; includeInIndex = 0; path = readingUITests.xctest; sourceTree = BUILT_PRODUCTS_DIR; };
		57C065B7257DDD44004FC1BB /* Info.plist */ = {isa = PBXFileReference; lastKnownFileType = text.plist.xml; path = Info.plist; sourceTree = "<group>"; };
		57CDD9EC2555FAB90095B8BF /* Helpers.swift */ = {isa = PBXFileReference; fileEncoding = 4; lastKnownFileType = sourcecode.swift; path = Helpers.swift; sourceTree = "<group>"; };
		57CDD9F02555FB6C0095B8BF /* PercentCalculator.swift */ = {isa = PBXFileReference; lastKnownFileType = sourcecode.swift; path = PercentCalculator.swift; sourceTree = "<group>"; };
		57CDD9F32555FB9E0095B8BF /* DateFormatters.swift */ = {isa = PBXFileReference; lastKnownFileType = sourcecode.swift; path = DateFormatters.swift; sourceTree = "<group>"; };
		57D94744255A104000EB3D80 /* AppSettingsEditor.swift */ = {isa = PBXFileReference; lastKnownFileType = sourcecode.swift; path = AppSettingsEditor.swift; sourceTree = "<group>"; };
		57DD0EFA258AB19400C3D6C1 /* unit.xctestplan */ = {isa = PBXFileReference; lastKnownFileType = text; path = unit.xctestplan; sourceTree = "<group>"; };
		57E95B1324D04C6200AF1FD9 /* reading.xcdatamodel */ = {isa = PBXFileReference; lastKnownFileType = wrapper.xcdatamodel; path = reading.xcdatamodel; sourceTree = "<group>"; };
		57F4815124FF9490002B6691 /* CDBookStorage.swift */ = {isa = PBXFileReference; lastKnownFileType = sourcecode.swift; path = CDBookStorage.swift; sourceTree = "<group>"; };
/* End PBXFileReference section */

/* Begin PBXFrameworksBuildPhase section */
		5723957324BEF289007DC1E5 /* Frameworks */ = {
			isa = PBXFrameworksBuildPhase;
			buildActionMask = 2147483647;
			files = (
				5716A745257178980097C605 /* Introspect in Frameworks */,
				578F5AE42579DE1200468DCF /* SwiftCSV in Frameworks */,
			);
			runOnlyForDeploymentPostprocessing = 0;
		};
		57C065A0257DDD38004FC1BB /* Frameworks */ = {
			isa = PBXFrameworksBuildPhase;
			buildActionMask = 2147483647;
			files = (
			);
			runOnlyForDeploymentPostprocessing = 0;
		};
		57C065B0257DDD44004FC1BB /* Frameworks */ = {
			isa = PBXFrameworksBuildPhase;
			buildActionMask = 2147483647;
			files = (
			);
			runOnlyForDeploymentPostprocessing = 0;
		};
/* End PBXFrameworksBuildPhase section */

/* Begin PBXGroup section */
		5706EB502589BF490004B3DA /* persistence */ = {
			isa = PBXGroup;
			children = (
				5706EB5C2589BF750004B3DA /* CDBookStorageTests.swift */,
				5705823C258B1AEB00B62399 /* CDBookSortTests.swift */,
			);
			path = persistence;
			sourceTree = "<group>";
		};
		5723956D24BEF289007DC1E5 = {
			isa = PBXGroup;
			children = (
				5723957724BEF289007DC1E5 /* Products */,
				5723957824BEF289007DC1E5 /* reading */,
				57C065A4257DDD38004FC1BB /* readingTests */,
				57C065B4257DDD44004FC1BB /* readingUITests */,
			);
			sourceTree = "<group>";
		};
		5723957724BEF289007DC1E5 /* Products */ = {
			isa = PBXGroup;
			children = (
				5723957624BEF289007DC1E5 /* reading.app */,
				57C065A3257DDD38004FC1BB /* readingTests.xctest */,
				57C065B3257DDD44004FC1BB /* readingUITests.xctest */,
			);
			name = Products;
			sourceTree = "<group>";
		};
		5723957824BEF289007DC1E5 /* reading */ = {
			isa = PBXGroup;
			children = (
				57BC70692581387500D848AF /* domain */,
				57BC706A2581387E00D848AF /* persistence */,
				57BC709725813F9600D848AF /* resources */,
				57BC70682581384000D848AF /* ui */,
				57CDD9EB2555FAB90095B8BF /* utils */,
			);
			path = reading;
			sourceTree = "<group>";
		};
		5748B7522558B8A700972F36 /* components */ = {
			isa = PBXGroup;
			children = (
				5708D84424C7096F002635BB /* BookCover.swift */,
				579A987D24EFDFE500F80EC7 /* BookListSortPicker.swift */,
				579730EB2558CCD100393876 /* BookProgress.swift */,
				57684BEC255CAE9C00F1C839 /* BookProgressViewModel.swift */,
				578B08D824C1737D00500C41 /* BookRow.swift */,
				577403CB252DBE14001152B4 /* SessionListBook.swift */,
				579730EE2558D88D00393876 /* SessionListBookViewModel.swift */,
				577403C4252DBC61001152B4 /* SessionRow.swift */,
				57093B7F2559B1BA00FEC08D /* SessionRowViewModel.swift */,
			);
			path = components;
			sourceTree = "<group>";
		};
		578F5AF42579E5EC00468DCF /* csv */ = {
			isa = PBXGroup;
			children = (
				578F5AF62579E72100468DCF /* J.07.19.csv */,
				578F5AF72579E72100468DCF /* Ox.10.19.csv */,
				578F5AF52579E72100468DCF /* V.07.19.csv */,
			);
			path = csv;
			sourceTree = "<group>";
		};
		57BC70682581384000D848AF /* ui */ = {
			isa = PBXGroup;
			children = (
				575936A924F3A3A000D58737 /* AppView.swift */,
				5748B7522558B8A700972F36 /* components */,
				57BC707925813C1800D848AF /* pages */,
			);
			path = ui;
			sourceTree = "<group>";
		};
		57BC70692581387500D848AF /* domain */ = {
			isa = PBXGroup;
			children = (
				57BC70E72581BEC000D848AF /* DomainBookRepository.swift */,
				57BC70EC2581BF6000D848AF /* Models.swift */,
				57BC70E22581BE0600D848AF /* Repository.swift */,
			);
			path = domain;
			sourceTree = "<group>";
		};
		57BC706A2581387E00D848AF /* persistence */ = {
			isa = PBXGroup;
			children = (
				5706EB36258928910004B3DA /* CDBookSort.swift */,
				57F4815124FF9490002B6691 /* CDBookStorage.swift */,
				575936A224F3A16F00D58737 /* PersistenceController.swift */,
				57294EEF2535E6B5007BE15D /* SessionExtension.swift */,
				5706EB642589CBBB0004B3DA /* UnitOfWork.swift */,
				57BC707125813A9100D848AF /* models */,
				57E95B1224D04C6200AF1FD9 /* reading.xcdatamodeld */,
			);
			path = persistence;
			sourceTree = "<group>";
		};
		57BC707125813A9100D848AF /* models */ = {
			isa = PBXGroup;
			children = (
				5716CDA824D140960017E2E2 /* Book+CoreDataClass.swift */,
				5716CDA924D140960017E2E2 /* Book+CoreDataProperties.swift */,
				570EE4D72530383D003B75FE /* Session+CoreDataClass.swift */,
				570EE4D82530383D003B75FE /* Session+CoreDataProperties.swift */,
			);
			path = models;
			sourceTree = "<group>";
		};
		57BC707925813C1800D848AF /* pages */ = {
			isa = PBXGroup;
			children = (
				57D94744255A104000EB3D80 /* AppSettingsEditor.swift */,
				5744CA00255B97A200C09F2B /* AppSettingsViewModel.swift */,
				5715C62224C364E4006709C5 /* BookCreate.swift */,
				5723958D24C0212E007DC1E5 /* BookDetail.swift */,
				5723958F24C021A7007DC1E5 /* BookList.swift */,
				5748A7FD24FFE4270041C511 /* BookListModal.swift */,
			);
			path = pages;
			sourceTree = "<group>";
		};
		57BC709725813F9600D848AF /* resources */ = {
			isa = PBXGroup;
			children = (
				5723958724BEF28A007DC1E5 /* Info.plist */,
				5723957F24BEF28A007DC1E5 /* Assets.xcassets */,
				5723958224BEF28A007DC1E5 /* Preview Assets.xcassets */,
				578F5AF42579E5EC00468DCF /* csv */,
				57BC70C2258146A400D848AF /* dev */,
			);
			path = resources;
			sourceTree = "<group>";
		};
		57BC70C2258146A400D848AF /* dev */ = {
			isa = PBXGroup;
			children = (
				571D643A24D14F65009F7AA8 /* BookSeeder.swift */,
				57294EF52535EABF007BE15D /* SessionSeeder.swift */,
			);
			path = dev;
			sourceTree = "<group>";
		};
		57BC71082581C02500D848AF /* domain */ = {
			isa = PBXGroup;
			children = (
				571A755D2581C11A004E2F5C /* DomainBookRepositoryTests.swift */,
			);
			path = domain;
			sourceTree = "<group>";
		};
		57C065A4257DDD38004FC1BB /* readingTests */ = {
			isa = PBXGroup;
			children = (
				57DD0EFA258AB19400C3D6C1 /* unit.xctestplan */,
				5706EB502589BF490004B3DA /* persistence */,
				57BC71082581C02500D848AF /* domain */,
				57C065A7257DDD38004FC1BB /* Info.plist */,
			);
			path = readingTests;
			sourceTree = "<group>";
		};
		57C065B4257DDD44004FC1BB /* readingUITests */ = {
			isa = PBXGroup;
			children = (
				571A75682581E023004E2F5C /* readingUITests.swift */,
				57C065B7257DDD44004FC1BB /* Info.plist */,
			);
			path = readingUITests;
			sourceTree = "<group>";
		};
		57CDD9EB2555FAB90095B8BF /* utils */ = {
			isa = PBXGroup;
			children = (
				57393CDB24ED1AD700DC9C40 /* CoreDataExtension.swift */,
				578F5AFC2579E7E800468DCF /* CSVParser.swift */,
				57CDD9F32555FB9E0095B8BF /* DateFormatters.swift */,
				57CDD9EC2555FAB90095B8BF /* Helpers.swift */,
				57CDD9F02555FB6C0095B8BF /* PercentCalculator.swift */,
				57329E0C255DEE73000ECEB1 /* UserDefaultsKey.swift */,
				57803F3A257B000E00672574 /* ViewExtension.swift */,
				573F1CA525644E6600F26F44 /* ViewModelProtocols.swift */,
			);
			path = utils;
			sourceTree = "<group>";
		};
/* End PBXGroup section */

/* Begin PBXNativeTarget section */
		5723957524BEF289007DC1E5 /* reading */ = {
			isa = PBXNativeTarget;
			buildConfigurationList = 5723958A24BEF28A007DC1E5 /* Build configuration list for PBXNativeTarget "reading" */;
			buildPhases = (
				5723957224BEF289007DC1E5 /* Sources */,
				5723957324BEF289007DC1E5 /* Frameworks */,
				5723957424BEF289007DC1E5 /* Resources */,
			);
			buildRules = (
			);
			dependencies = (
			);
			name = reading;
			packageProductDependencies = (
				5716A744257178980097C605 /* Introspect */,
				578F5AE32579DE1200468DCF /* SwiftCSV */,
			);
			productName = "read-ing";
			productReference = 5723957624BEF289007DC1E5 /* reading.app */;
			productType = "com.apple.product-type.application";
		};
		57C065A2257DDD38004FC1BB /* readingTests */ = {
			isa = PBXNativeTarget;
			buildConfigurationList = 57C065AA257DDD38004FC1BB /* Build configuration list for PBXNativeTarget "readingTests" */;
			buildPhases = (
				57C0659F257DDD38004FC1BB /* Sources */,
				57C065A0257DDD38004FC1BB /* Frameworks */,
				57C065A1257DDD38004FC1BB /* Resources */,
			);
			buildRules = (
			);
			dependencies = (
				57C065A9257DDD38004FC1BB /* PBXTargetDependency */,
			);
			name = readingTests;
			productName = readingTests;
			productReference = 57C065A3257DDD38004FC1BB /* readingTests.xctest */;
			productType = "com.apple.product-type.bundle.unit-test";
		};
		57C065B2257DDD44004FC1BB /* readingUITests */ = {
			isa = PBXNativeTarget;
			buildConfigurationList = 57C065BA257DDD44004FC1BB /* Build configuration list for PBXNativeTarget "readingUITests" */;
			buildPhases = (
				57C065AF257DDD44004FC1BB /* Sources */,
				57C065B0257DDD44004FC1BB /* Frameworks */,
				57C065B1257DDD44004FC1BB /* Resources */,
			);
			buildRules = (
			);
			dependencies = (
				57C065B9257DDD44004FC1BB /* PBXTargetDependency */,
			);
			name = readingUITests;
			productName = readingUITests;
			productReference = 57C065B3257DDD44004FC1BB /* readingUITests.xctest */;
			productType = "com.apple.product-type.bundle.ui-testing";
		};
/* End PBXNativeTarget section */

/* Begin PBXProject section */
		5723956E24BEF289007DC1E5 /* Project object */ = {
			isa = PBXProject;
			attributes = {
				LastSwiftUpdateCheck = 1220;
				LastUpgradeCheck = 1200;
				ORGANIZATIONNAME = mrv1k;
				TargetAttributes = {
					5723957524BEF289007DC1E5 = {
						CreatedOnToolsVersion = 11.5;
					};
					57C065A2257DDD38004FC1BB = {
						CreatedOnToolsVersion = 12.2;
						LastSwiftMigration = 1220;
						TestTargetID = 5723957524BEF289007DC1E5;
					};
					57C065B2257DDD44004FC1BB = {
						CreatedOnToolsVersion = 12.2;
						LastSwiftMigration = 1220;
						TestTargetID = 5723957524BEF289007DC1E5;
					};
				};
			};
			buildConfigurationList = 5723957124BEF289007DC1E5 /* Build configuration list for PBXProject "reading" */;
			compatibilityVersion = "Xcode 12.0";
			developmentRegion = en;
			hasScannedForEncodings = 0;
			knownRegions = (
				en,
				Base,
			);
			mainGroup = 5723956D24BEF289007DC1E5;
			packageReferences = (
				5716A743257178980097C605 /* XCRemoteSwiftPackageReference "SwiftUI-Introspect" */,
				578F5AE22579DE1200468DCF /* XCRemoteSwiftPackageReference "SwiftCSV" */,
			);
			productRefGroup = 5723957724BEF289007DC1E5 /* Products */;
			projectDirPath = "";
			projectRoot = "";
			targets = (
				5723957524BEF289007DC1E5 /* reading */,
				57C065A2257DDD38004FC1BB /* readingTests */,
				57C065B2257DDD44004FC1BB /* readingUITests */,
			);
		};
/* End PBXProject section */

/* Begin PBXResourcesBuildPhase section */
		5723957424BEF289007DC1E5 /* Resources */ = {
			isa = PBXResourcesBuildPhase;
			buildActionMask = 2147483647;
			files = (
				578F5AF92579E72100468DCF /* J.07.19.csv in Resources */,
				5723958324BEF28A007DC1E5 /* Preview Assets.xcassets in Resources */,
				578F5AFA2579E72100468DCF /* Ox.10.19.csv in Resources */,
				578F5AF82579E72100468DCF /* V.07.19.csv in Resources */,
				5723958024BEF28A007DC1E5 /* Assets.xcassets in Resources */,
			);
			runOnlyForDeploymentPostprocessing = 0;
		};
		57C065A1257DDD38004FC1BB /* Resources */ = {
			isa = PBXResourcesBuildPhase;
			buildActionMask = 2147483647;
			files = (
			);
			runOnlyForDeploymentPostprocessing = 0;
		};
		57C065B1257DDD44004FC1BB /* Resources */ = {
			isa = PBXResourcesBuildPhase;
			buildActionMask = 2147483647;
			files = (
			);
			runOnlyForDeploymentPostprocessing = 0;
		};
/* End PBXResourcesBuildPhase section */

/* Begin PBXSourcesBuildPhase section */
		5723957224BEF289007DC1E5 /* Sources */ = {
			isa = PBXSourcesBuildPhase;
			buildActionMask = 2147483647;
			files = (
				5748A7FE24FFE4270041C511 /* BookListModal.swift in Sources */,
				577403C5252DBC61001152B4 /* SessionRow.swift in Sources */,
				57D94745255A104000EB3D80 /* AppSettingsEditor.swift in Sources */,
				57684BED255CAE9C00F1C839 /* BookProgressViewModel.swift in Sources */,
				57093B802559B1BA00FEC08D /* SessionRowViewModel.swift in Sources */,
				57329E0D255DEE73000ECEB1 /* UserDefaultsKey.swift in Sources */,
				57294EF62535EABF007BE15D /* SessionSeeder.swift in Sources */,
				578F5AFD2579E7E800468DCF /* CSVParser.swift in Sources */,
				579730EF2558D88D00393876 /* SessionListBookViewModel.swift in Sources */,
				5708D84524C7096F002635BB /* BookCover.swift in Sources */,
				57BC70E32581BE0600D848AF /* Repository.swift in Sources */,
				5715C62324C364E4006709C5 /* BookCreate.swift in Sources */,
				579A987E24EFDFE500F80EC7 /* BookListSortPicker.swift in Sources */,
				575936AA24F3A3A000D58737 /* AppView.swift in Sources */,
				5744CA01255B97A200C09F2B /* AppSettingsViewModel.swift in Sources */,
				570EE4D92530383D003B75FE /* Session+CoreDataClass.swift in Sources */,
				573F1CA625644E6600F26F44 /* ViewModelProtocols.swift in Sources */,
				571D643B24D14F65009F7AA8 /* BookSeeder.swift in Sources */,
				57BC70ED2581BF6000D848AF /* Models.swift in Sources */,
				57BC70E82581BEC000D848AF /* DomainBookRepository.swift in Sources */,
				579730EC2558CCD100393876 /* BookProgress.swift in Sources */,
				5723959024C021A8007DC1E5 /* BookList.swift in Sources */,
				57294EF02535E6B5007BE15D /* SessionExtension.swift in Sources */,
				57803F3B257B000E00672574 /* ViewExtension.swift in Sources */,
				57CDD9F12555FB6C0095B8BF /* PercentCalculator.swift in Sources */,
				57E95B1424D04C6200AF1FD9 /* reading.xcdatamodeld in Sources */,
				5723958E24C0212E007DC1E5 /* BookDetail.swift in Sources */,
				577403CC252DBE14001152B4 /* SessionListBook.swift in Sources */,
				5706EB37258928910004B3DA /* CDBookSort.swift in Sources */,
				57CDD9F42555FB9E0095B8BF /* DateFormatters.swift in Sources */,
				575936A324F3A16F00D58737 /* PersistenceController.swift in Sources */,
				570EE4DA2530383D003B75FE /* Session+CoreDataProperties.swift in Sources */,
				57CDD9ED2555FAB90095B8BF /* Helpers.swift in Sources */,
				5716CDAA24D140960017E2E2 /* Book+CoreDataClass.swift in Sources */,
				57F4815224FF9490002B6691 /* CDBookStorage.swift in Sources */,
				578B08D924C1737D00500C41 /* BookRow.swift in Sources */,
				5706EB652589CBBB0004B3DA /* UnitOfWork.swift in Sources */,
				57393CDC24ED1AD700DC9C40 /* CoreDataExtension.swift in Sources */,
				5716CDAB24D140960017E2E2 /* Book+CoreDataProperties.swift in Sources */,
			);
			runOnlyForDeploymentPostprocessing = 0;
		};
		57C0659F257DDD38004FC1BB /* Sources */ = {
			isa = PBXSourcesBuildPhase;
			buildActionMask = 2147483647;
			files = (
				571A755E2581C11A004E2F5C /* DomainBookRepositoryTests.swift in Sources */,
				5706EB5D2589BF750004B3DA /* CDBookStorageTests.swift in Sources */,
				5705823D258B1AEB00B62399 /* CDBookSortTests.swift in Sources */,
			);
			runOnlyForDeploymentPostprocessing = 0;
		};
		57C065AF257DDD44004FC1BB /* Sources */ = {
			isa = PBXSourcesBuildPhase;
			buildActionMask = 2147483647;
			files = (
				571A75692581E023004E2F5C /* readingUITests.swift in Sources */,
			);
			runOnlyForDeploymentPostprocessing = 0;
		};
/* End PBXSourcesBuildPhase section */

/* Begin PBXTargetDependency section */
		57C065A9257DDD38004FC1BB /* PBXTargetDependency */ = {
			isa = PBXTargetDependency;
			target = 5723957524BEF289007DC1E5 /* reading */;
			targetProxy = 57C065A8257DDD38004FC1BB /* PBXContainerItemProxy */;
		};
		57C065B9257DDD44004FC1BB /* PBXTargetDependency */ = {
			isa = PBXTargetDependency;
			target = 5723957524BEF289007DC1E5 /* reading */;
			targetProxy = 57C065B8257DDD44004FC1BB /* PBXContainerItemProxy */;
		};
/* End PBXTargetDependency section */

/* Begin XCBuildConfiguration section */
		5723958824BEF28A007DC1E5 /* Debug */ = {
			isa = XCBuildConfiguration;
			buildSettings = {
				ALWAYS_SEARCH_USER_PATHS = NO;
				CLANG_ANALYZER_NONNULL = YES;
				CLANG_ANALYZER_NUMBER_OBJECT_CONVERSION = YES_AGGRESSIVE;
				CLANG_CXX_LANGUAGE_STANDARD = "gnu++14";
				CLANG_CXX_LIBRARY = "libc++";
				CLANG_ENABLE_MODULES = YES;
				CLANG_ENABLE_OBJC_ARC = YES;
				CLANG_ENABLE_OBJC_WEAK = YES;
				CLANG_WARN_BLOCK_CAPTURE_AUTORELEASING = YES;
				CLANG_WARN_BOOL_CONVERSION = YES;
				CLANG_WARN_COMMA = YES;
				CLANG_WARN_CONSTANT_CONVERSION = YES;
				CLANG_WARN_DEPRECATED_OBJC_IMPLEMENTATIONS = YES;
				CLANG_WARN_DIRECT_OBJC_ISA_USAGE = YES_ERROR;
				CLANG_WARN_DOCUMENTATION_COMMENTS = YES;
				CLANG_WARN_EMPTY_BODY = YES;
				CLANG_WARN_ENUM_CONVERSION = YES;
				CLANG_WARN_INFINITE_RECURSION = YES;
				CLANG_WARN_INT_CONVERSION = YES;
				CLANG_WARN_NON_LITERAL_NULL_CONVERSION = YES;
				CLANG_WARN_OBJC_IMPLICIT_RETAIN_SELF = YES;
				CLANG_WARN_OBJC_LITERAL_CONVERSION = YES;
				CLANG_WARN_OBJC_ROOT_CLASS = YES_ERROR;
				CLANG_WARN_QUOTED_INCLUDE_IN_FRAMEWORK_HEADER = YES;
				CLANG_WARN_RANGE_LOOP_ANALYSIS = YES;
				CLANG_WARN_STRICT_PROTOTYPES = YES;
				CLANG_WARN_SUSPICIOUS_MOVE = YES;
				CLANG_WARN_UNGUARDED_AVAILABILITY = YES_AGGRESSIVE;
				CLANG_WARN_UNREACHABLE_CODE = YES;
				CLANG_WARN__DUPLICATE_METHOD_MATCH = YES;
				COPY_PHASE_STRIP = NO;
				DEBUG_INFORMATION_FORMAT = dwarf;
				DEVELOPMENT_TEAM = HYDQYSX5D6;
				ENABLE_STRICT_OBJC_MSGSEND = YES;
				ENABLE_TESTABILITY = YES;
				GCC_C_LANGUAGE_STANDARD = gnu11;
				GCC_DYNAMIC_NO_PIC = NO;
				GCC_NO_COMMON_BLOCKS = YES;
				GCC_OPTIMIZATION_LEVEL = 0;
				GCC_PREPROCESSOR_DEFINITIONS = (
					"DEBUG=1",
					"$(inherited)",
				);
				GCC_WARN_64_TO_32_BIT_CONVERSION = YES;
				GCC_WARN_ABOUT_RETURN_TYPE = YES_ERROR;
				GCC_WARN_UNDECLARED_SELECTOR = YES;
				GCC_WARN_UNINITIALIZED_AUTOS = YES_AGGRESSIVE;
				GCC_WARN_UNUSED_FUNCTION = YES;
				GCC_WARN_UNUSED_VARIABLE = YES;
				IPHONEOS_DEPLOYMENT_TARGET = 14.0;
				MTL_ENABLE_DEBUG_INFO = INCLUDE_SOURCE;
				MTL_FAST_MATH = YES;
				ONLY_ACTIVE_ARCH = YES;
				SDKROOT = iphoneos;
				SWIFT_ACTIVE_COMPILATION_CONDITIONS = DEBUG;
				SWIFT_OPTIMIZATION_LEVEL = "-Onone";
				SWIFT_VERSION = 5.0;
			};
			name = Debug;
		};
		5723958924BEF28A007DC1E5 /* Release */ = {
			isa = XCBuildConfiguration;
			buildSettings = {
				ALWAYS_SEARCH_USER_PATHS = NO;
				CLANG_ANALYZER_NONNULL = YES;
				CLANG_ANALYZER_NUMBER_OBJECT_CONVERSION = YES_AGGRESSIVE;
				CLANG_CXX_LANGUAGE_STANDARD = "gnu++14";
				CLANG_CXX_LIBRARY = "libc++";
				CLANG_ENABLE_MODULES = YES;
				CLANG_ENABLE_OBJC_ARC = YES;
				CLANG_ENABLE_OBJC_WEAK = YES;
				CLANG_WARN_BLOCK_CAPTURE_AUTORELEASING = YES;
				CLANG_WARN_BOOL_CONVERSION = YES;
				CLANG_WARN_COMMA = YES;
				CLANG_WARN_CONSTANT_CONVERSION = YES;
				CLANG_WARN_DEPRECATED_OBJC_IMPLEMENTATIONS = YES;
				CLANG_WARN_DIRECT_OBJC_ISA_USAGE = YES_ERROR;
				CLANG_WARN_DOCUMENTATION_COMMENTS = YES;
				CLANG_WARN_EMPTY_BODY = YES;
				CLANG_WARN_ENUM_CONVERSION = YES;
				CLANG_WARN_INFINITE_RECURSION = YES;
				CLANG_WARN_INT_CONVERSION = YES;
				CLANG_WARN_NON_LITERAL_NULL_CONVERSION = YES;
				CLANG_WARN_OBJC_IMPLICIT_RETAIN_SELF = YES;
				CLANG_WARN_OBJC_LITERAL_CONVERSION = YES;
				CLANG_WARN_OBJC_ROOT_CLASS = YES_ERROR;
				CLANG_WARN_QUOTED_INCLUDE_IN_FRAMEWORK_HEADER = YES;
				CLANG_WARN_RANGE_LOOP_ANALYSIS = YES;
				CLANG_WARN_STRICT_PROTOTYPES = YES;
				CLANG_WARN_SUSPICIOUS_MOVE = YES;
				CLANG_WARN_UNGUARDED_AVAILABILITY = YES_AGGRESSIVE;
				CLANG_WARN_UNREACHABLE_CODE = YES;
				CLANG_WARN__DUPLICATE_METHOD_MATCH = YES;
				COPY_PHASE_STRIP = NO;
				DEBUG_INFORMATION_FORMAT = "dwarf-with-dsym";
				DEVELOPMENT_TEAM = HYDQYSX5D6;
				ENABLE_NS_ASSERTIONS = NO;
				ENABLE_STRICT_OBJC_MSGSEND = YES;
				GCC_C_LANGUAGE_STANDARD = gnu11;
				GCC_NO_COMMON_BLOCKS = YES;
				GCC_WARN_64_TO_32_BIT_CONVERSION = YES;
				GCC_WARN_ABOUT_RETURN_TYPE = YES_ERROR;
				GCC_WARN_UNDECLARED_SELECTOR = YES;
				GCC_WARN_UNINITIALIZED_AUTOS = YES_AGGRESSIVE;
				GCC_WARN_UNUSED_FUNCTION = YES;
				GCC_WARN_UNUSED_VARIABLE = YES;
				IPHONEOS_DEPLOYMENT_TARGET = 14.0;
				MTL_ENABLE_DEBUG_INFO = NO;
				MTL_FAST_MATH = YES;
				SDKROOT = iphoneos;
				SWIFT_COMPILATION_MODE = wholemodule;
				SWIFT_OPTIMIZATION_LEVEL = "-O";
				SWIFT_VERSION = 5.0;
				VALIDATE_PRODUCT = YES;
			};
			name = Release;
		};
		5723958B24BEF28A007DC1E5 /* Debug */ = {
			isa = XCBuildConfiguration;
			buildSettings = {
				ASSETCATALOG_COMPILER_APPICON_NAME = AppIcon;
				CODE_SIGN_IDENTITY = "Apple Development";
				CODE_SIGN_STYLE = Automatic;
				DEVELOPMENT_ASSET_PATHS = "\"reading/resources/dev\"";
				DEVELOPMENT_TEAM = HYDQYSX5D6;
				ENABLE_PREVIEWS = YES;
				INFOPLIST_FILE = reading/resources/Info.plist;
				IPHONEOS_DEPLOYMENT_TARGET = 14.0;
				LD_RUNPATH_SEARCH_PATHS = (
					"$(inherited)",
					"@executable_path/Frameworks",
				);
				MARKETING_VERSION = 0.3;
				PRODUCT_BUNDLE_IDENTIFIER = io.github.mrv1k.reading;
				PRODUCT_NAME = "$(TARGET_NAME)";
				PROVISIONING_PROFILE_SPECIFIER = "";
				SWIFT_VERSION = 5.0;
				TARGETED_DEVICE_FAMILY = 1;
			};
			name = Debug;
		};
		5723958C24BEF28A007DC1E5 /* Release */ = {
			isa = XCBuildConfiguration;
			buildSettings = {
				ASSETCATALOG_COMPILER_APPICON_NAME = AppIcon;
				CODE_SIGN_IDENTITY = "Apple Development";
				CODE_SIGN_STYLE = Automatic;
				DEVELOPMENT_ASSET_PATHS = "\"reading/resources/dev\"";
				DEVELOPMENT_TEAM = HYDQYSX5D6;
				ENABLE_PREVIEWS = YES;
				INFOPLIST_FILE = reading/resources/Info.plist;
				IPHONEOS_DEPLOYMENT_TARGET = 14.0;
				LD_RUNPATH_SEARCH_PATHS = (
					"$(inherited)",
					"@executable_path/Frameworks",
				);
				MARKETING_VERSION = 0.3;
				PRODUCT_BUNDLE_IDENTIFIER = io.github.mrv1k.reading;
				PRODUCT_NAME = "$(TARGET_NAME)";
				PROVISIONING_PROFILE_SPECIFIER = "";
				SWIFT_VERSION = 5.0;
				TARGETED_DEVICE_FAMILY = 1;
			};
			name = Release;
		};
		57C065AB257DDD38004FC1BB /* Debug */ = {
			isa = XCBuildConfiguration;
			buildSettings = {
				BUNDLE_LOADER = "$(TEST_HOST)";
				CLANG_ENABLE_MODULES = YES;
				CODE_SIGN_STYLE = Automatic;
				DEVELOPMENT_TEAM = HYDQYSX5D6;
				INFOPLIST_FILE = readingTests/Info.plist;
				IPHONEOS_DEPLOYMENT_TARGET = 14.2;
				LD_RUNPATH_SEARCH_PATHS = (
					"$(inherited)",
					"@executable_path/Frameworks",
					"@loader_path/Frameworks",
				);
				PRODUCT_BUNDLE_IDENTIFIER = io.mrv1k.readingTests;
				PRODUCT_NAME = "$(TARGET_NAME)";
				SWIFT_OPTIMIZATION_LEVEL = "-Onone";
				SWIFT_VERSION = 5.0;
				TARGETED_DEVICE_FAMILY = "1,2";
				TEST_HOST = "$(BUILT_PRODUCTS_DIR)/reading.app/reading";
			};
			name = Debug;
		};
		57C065AC257DDD38004FC1BB /* Release */ = {
			isa = XCBuildConfiguration;
			buildSettings = {
				BUNDLE_LOADER = "$(TEST_HOST)";
				CLANG_ENABLE_MODULES = YES;
				CODE_SIGN_STYLE = Automatic;
				DEVELOPMENT_TEAM = HYDQYSX5D6;
				INFOPLIST_FILE = readingTests/Info.plist;
				IPHONEOS_DEPLOYMENT_TARGET = 14.2;
				LD_RUNPATH_SEARCH_PATHS = (
					"$(inherited)",
					"@executable_path/Frameworks",
					"@loader_path/Frameworks",
				);
				PRODUCT_BUNDLE_IDENTIFIER = io.mrv1k.readingTests;
				PRODUCT_NAME = "$(TARGET_NAME)";
				SWIFT_VERSION = 5.0;
				TARGETED_DEVICE_FAMILY = "1,2";
				TEST_HOST = "$(BUILT_PRODUCTS_DIR)/reading.app/reading";
			};
			name = Release;
		};
		57C065BB257DDD44004FC1BB /* Debug */ = {
			isa = XCBuildConfiguration;
			buildSettings = {
				CLANG_ENABLE_MODULES = YES;
				CODE_SIGN_STYLE = Automatic;
				DEVELOPMENT_TEAM = HYDQYSX5D6;
				INFOPLIST_FILE = readingUITests/Info.plist;
				IPHONEOS_DEPLOYMENT_TARGET = 14.2;
				LD_RUNPATH_SEARCH_PATHS = (
					"$(inherited)",
					"@executable_path/Frameworks",
					"@loader_path/Frameworks",
				);
				PRODUCT_BUNDLE_IDENTIFIER = io.mrv1k.readingUITests;
				PRODUCT_NAME = "$(TARGET_NAME)";
				SWIFT_OPTIMIZATION_LEVEL = "-Onone";
				SWIFT_VERSION = 5.0;
				TARGETED_DEVICE_FAMILY = "1,2";
				TEST_TARGET_NAME = reading;
			};
			name = Debug;
		};
		57C065BC257DDD44004FC1BB /* Release */ = {
			isa = XCBuildConfiguration;
			buildSettings = {
				CLANG_ENABLE_MODULES = YES;
				CODE_SIGN_STYLE = Automatic;
				DEVELOPMENT_TEAM = HYDQYSX5D6;
				INFOPLIST_FILE = readingUITests/Info.plist;
				IPHONEOS_DEPLOYMENT_TARGET = 14.2;
				LD_RUNPATH_SEARCH_PATHS = (
					"$(inherited)",
					"@executable_path/Frameworks",
					"@loader_path/Frameworks",
				);
				PRODUCT_BUNDLE_IDENTIFIER = io.mrv1k.readingUITests;
				PRODUCT_NAME = "$(TARGET_NAME)";
				SWIFT_VERSION = 5.0;
				TARGETED_DEVICE_FAMILY = "1,2";
				TEST_TARGET_NAME = reading;
			};
			name = Release;
		};
/* End XCBuildConfiguration section */

/* Begin XCConfigurationList section */
		5723957124BEF289007DC1E5 /* Build configuration list for PBXProject "reading" */ = {
			isa = XCConfigurationList;
			buildConfigurations = (
				5723958824BEF28A007DC1E5 /* Debug */,
				5723958924BEF28A007DC1E5 /* Release */,
			);
			defaultConfigurationIsVisible = 0;
			defaultConfigurationName = Release;
		};
		5723958A24BEF28A007DC1E5 /* Build configuration list for PBXNativeTarget "reading" */ = {
			isa = XCConfigurationList;
			buildConfigurations = (
				5723958B24BEF28A007DC1E5 /* Debug */,
				5723958C24BEF28A007DC1E5 /* Release */,
			);
			defaultConfigurationIsVisible = 0;
			defaultConfigurationName = Release;
		};
		57C065AA257DDD38004FC1BB /* Build configuration list for PBXNativeTarget "readingTests" */ = {
			isa = XCConfigurationList;
			buildConfigurations = (
				57C065AB257DDD38004FC1BB /* Debug */,
				57C065AC257DDD38004FC1BB /* Release */,
			);
			defaultConfigurationIsVisible = 0;
			defaultConfigurationName = Release;
		};
		57C065BA257DDD44004FC1BB /* Build configuration list for PBXNativeTarget "readingUITests" */ = {
			isa = XCConfigurationList;
			buildConfigurations = (
				57C065BB257DDD44004FC1BB /* Debug */,
				57C065BC257DDD44004FC1BB /* Release */,
			);
			defaultConfigurationIsVisible = 0;
			defaultConfigurationName = Release;
		};
/* End XCConfigurationList section */

/* Begin XCRemoteSwiftPackageReference section */
		5716A743257178980097C605 /* XCRemoteSwiftPackageReference "SwiftUI-Introspect" */ = {
			isa = XCRemoteSwiftPackageReference;
			repositoryURL = "https://github.com/siteline/SwiftUI-Introspect.git";
			requirement = {
				kind = upToNextMajorVersion;
				minimumVersion = 0.1.1;
			};
		};
		578F5AE22579DE1200468DCF /* XCRemoteSwiftPackageReference "SwiftCSV" */ = {
			isa = XCRemoteSwiftPackageReference;
			repositoryURL = "https://github.com/swiftcsv/SwiftCSV.git";
			requirement = {
				kind = upToNextMajorVersion;
				minimumVersion = 0.6.0;
			};
		};
/* End XCRemoteSwiftPackageReference section */

/* Begin XCSwiftPackageProductDependency section */
		5716A744257178980097C605 /* Introspect */ = {
			isa = XCSwiftPackageProductDependency;
			package = 5716A743257178980097C605 /* XCRemoteSwiftPackageReference "SwiftUI-Introspect" */;
			productName = Introspect;
		};
		578F5AE32579DE1200468DCF /* SwiftCSV */ = {
			isa = XCSwiftPackageProductDependency;
			package = 578F5AE22579DE1200468DCF /* XCRemoteSwiftPackageReference "SwiftCSV" */;
			productName = SwiftCSV;
		};
/* End XCSwiftPackageProductDependency section */

/* Begin XCVersionGroup section */
		57E95B1224D04C6200AF1FD9 /* reading.xcdatamodeld */ = {
			isa = XCVersionGroup;
			children = (
				57E95B1324D04C6200AF1FD9 /* reading.xcdatamodel */,
			);
			currentVersion = 57E95B1324D04C6200AF1FD9 /* reading.xcdatamodel */;
			path = reading.xcdatamodeld;
			sourceTree = "<group>";
			versionGroupType = wrapper.xcdatamodel;
		};
/* End XCVersionGroup section */
	};
	rootObject = 5723956E24BEF289007DC1E5 /* Project object */;
}
